
Microsoft Visual Studio Solution File, Format Version 12.00
Project("{FAE04EC0-301F-11D3-BF4B-00C04F79EFBC}") = "Warehouse.Data", "Warehouse.Data\Warehouse.Data.csproj", "{D2951703-3359-4553-9093-32DB865457FA}"
EndProject
Project("{FAE04EC0-301F-11D3-BF4B-00C04F79EFBC}") = "Warehouse.Console", "Warehouse.Console\Warehouse.Console.csproj", "{937615CE-9473-4458-820F-ECAA0B5E5B40}"
EndProject
Project("{FAE04EC0-301F-11D3-BF4B-00C04F79EFBC}") = "Warehouse.Tests", "Warehouse.Tests\Warehouse.Tests.csproj", "{0C9B9D0C-3514-4B2C-A896-A8124D122BD5}"
EndProject
Global
	GlobalSection(SolutionConfigurationPlatforms) = preSolution
		Debug|Any CPU = Debug|Any CPU
		Release|Any CPU = Release|Any CPU
	EndGlobalSection
	GlobalSection(ProjectConfigurationPlatforms) = postSolution
		{D2951703-3359-4553-9093-32DB865457FA}.Debug|Any CPU.ActiveCfg = Debug|Any CPU
		{D2951703-3359-4553-9093-32DB865457FA}.Debug|Any CPU.Build.0 = Debug|Any CPU
		{D2951703-3359-4553-9093-32DB865457FA}.Release|Any CPU.ActiveCfg = Release|Any CPU
		{D2951703-3359-4553-9093-32DB865457FA}.Release|Any CPU.Build.0 = Release|Any CPU
		{937615CE-9473-4458-820F-ECAA0B5E5B40}.Debug|Any CPU.ActiveCfg = Debug|Any CPU
		{937615CE-9473-4458-820F-ECAA0B5E5B40}.Debug|Any CPU.Build.0 = Debug|Any CPU
		{937615CE-9473-4458-820F-ECAA0B5E5B40}.Release|Any CPU.ActiveCfg = Release|Any CPU
		{937615CE-9473-4458-820F-ECAA0B5E5B40}.Release|Any CPU.Build.0 = Release|Any CPU
		{0C9B9D0C-3514-4B2C-A896-A8124D122BD5}.Debug|Any CPU.ActiveCfg = Debug|Any CPU
		{0C9B9D0C-3514-4B2C-A896-A8124D122BD5}.Debug|Any CPU.Build.0 = Debug|Any CPU
		{0C9B9D0C-3514-4B2C-A896-A8124D122BD5}.Release|Any CPU.ActiveCfg = Release|Any CPU
		{0C9B9D0C-3514-4B2C-A896-A8124D122BD5}.Release|Any CPU.Build.0 = Release|Any CPU
	EndGlobalSection
EndGlobal
