
Microsoft Visual Studio Solution File, Format Version 12.00
Project("{2150E333-8FDC-42A3-9474-1A3956D46DE8}") = "Chapter01", "Chapter01", "{23FFE2B1-92B4-4C49-B115-5097752A1167}"
EndProject
Project("{FAE04EC0-301F-11D3-BF4B-00C04F79EFBC}") = "HelloCS", "Chapter01\HelloCS\HelloCS.csproj", "{366F86BE-0275-4CDE-BF9B-3DB5909B8225}"
EndProject
Project("{FAE04EC0-301F-11D3-BF4B-00C04F79EFBC}") = "TopLevelProgram", "Chapter01\TopLevelProgram\TopLevelProgram\TopLevelProgram.csproj", "{2E42034C-0A59-4C0C-B28F-76173BDB073E}"
EndProject
Project("{2150E333-8FDC-42A3-9474-1A3956D46DE8}") = "Chapter02", "Chapter02", "{868ADC95-9AF0-468B-9581-D6BF56F19382}"
EndProject
Project("{2150E333-8FDC-42A3-9474-1A3956D46DE8}") = "Chapter03", "Chapter03", "{1219CE30-2CB4-4D00-B44C-A6FE5D657CDB}"
EndProject
Project("{2150E333-8FDC-42A3-9474-1A3956D46DE8}") = "Chapter04", "Chapter04", "{05E2DB55-EFA9-496E-86D0-A3AF8BFE249C}"
EndProject
Project("{2150E333-8FDC-42A3-9474-1A3956D46DE8}") = "Chapter05", "Chapter05", "{3DED3899-C309-4D3E-AA56-2AAF4F2AF6C8}"
EndProject
Project("{2150E333-8FDC-42A3-9474-1A3956D46DE8}") = "Chapter06", "Chapter06", "{ACFBDF86-DC37-4C06-BDB1-E242443ADB49}"
EndProject
Project("{FAE04EC0-301F-11D3-BF4B-00C04F79EFBC}") = "Arguments", "Chapter02-vscode\Arguments\Arguments.csproj", "{F58CB81B-06A9-4A6B-BE9A-340DC0A32B5C}"
EndProject
Project("{FAE04EC0-301F-11D3-BF4B-00C04F79EFBC}") = "Exercise02", "Chapter02-vscode\Exercise02\Exercise02.csproj", "{E87BD2A1-94E4-40AB-B55D-1CB1C92AA4FA}"
EndProject
Project("{FAE04EC0-301F-11D3-BF4B-00C04F79EFBC}") = "Formatting", "Chapter02-vscode\Formatting\Formatting.csproj", "{6BA3C87F-E21A-4526-BE56-617B6347E451}"
EndProject
Project("{FAE04EC0-301F-11D3-BF4B-00C04F79EFBC}") = "Numbers", "Chapter02-vscode\Numbers\Numbers.csproj", "{C9995519-4313-4A6E-B7E0-20E1968007D6}"
EndProject
Project("{FAE04EC0-301F-11D3-BF4B-00C04F79EFBC}") = "Variables", "Chapter02-vscode\Variables\Variables.csproj", "{BBCCB020-00EB-4534-BF14-1FBC1A7F1432}"
EndProject
Project("{FAE04EC0-301F-11D3-BF4B-00C04F79EFBC}") = "Vocabulary", "Chapter02-vscode\Vocabulary\Vocabulary.csproj", "{40DAED8E-25A9-48D4-804D-149867439F81}"
EndProject
Project("{FAE04EC0-301F-11D3-BF4B-00C04F79EFBC}") = "BitwiseAndShiftOperators", "Chapter03-vscode\BitwiseAndShiftOperators\BitwiseAndShiftOperators.csproj", "{9E9EF635-3742-4462-BEC8-CE05BAC563AA}"
EndProject
Project("{FAE04EC0-301F-11D3-BF4B-00C04F79EFBC}") = "BooleanOperators", "Chapter03-vscode\BooleanOperators\BooleanOperators.csproj", "{7D386FE1-86D5-4998-A4BE-79B8ED934083}"
EndProject
Project("{FAE04EC0-301F-11D3-BF4B-00C04F79EFBC}") = "CastingConverting", "Chapter03-vscode\CastingConverting\CastingConverting.csproj", "{3A05CA6F-44AB-44B2-87A6-A347B688BC53}"
EndProject
Project("{FAE04EC0-301F-11D3-BF4B-00C04F79EFBC}") = "CheckingForOverflow", "Chapter03-vscode\CheckingForOverflow\CheckingForOverflow.csproj", "{844139D6-95A7-4B3E-8EB4-CA2547634E18}"
EndProject
Project("{FAE04EC0-301F-11D3-BF4B-00C04F79EFBC}") = "Ex02", "Chapter03-vscode\Ex02\Ex02.csproj", "{90EAE91B-5646-4246-A8E7-F115E97568E9}"
EndProject
Project("{FAE04EC0-301F-11D3-BF4B-00C04F79EFBC}") = "Ex03", "Chapter03-vscode\Ex03\Ex03.csproj", "{AD544AA2-0D34-40B4-8620-A1914CBC46F9}"
EndProject
Project("{FAE04EC0-301F-11D3-BF4B-00C04F79EFBC}") = "Ex04", "Chapter03-vscode\Ex04\Ex04.csproj", "{59817045-324E-40CF-8F73-063FC82D13F4}"
EndProject
Project("{FAE04EC0-301F-11D3-BF4B-00C04F79EFBC}") = "Ex05", "Chapter03-vscode\Ex05\Ex05.csproj", "{66892C15-C768-4FEE-ACF9-0B997EECE148}"
EndProject
Project("{FAE04EC0-301F-11D3-BF4B-00C04F79EFBC}") = "HandlingExceptions", "Chapter03-vscode\HandlingExceptions\HandlingExceptions.csproj", "{22818C50-2EC8-41ED-931D-33199AD892BC}"
EndProject
Project("{FAE04EC0-301F-11D3-BF4B-00C04F79EFBC}") = "IterationStatements", "Chapter03-vscode\IterationStatements\IterationStatements.csproj", "{9DC431F2-A735-4FCD-BFD6-13FFA249DCCB}"
EndProject
Project("{FAE04EC0-301F-11D3-BF4B-00C04F79EFBC}") = "Operators", "Chapter03-vscode\Operators\Operators.csproj", "{35E209D0-7BA7-402E-910D-D8716EA56D67}"
EndProject
Project("{FAE04EC0-301F-11D3-BF4B-00C04F79EFBC}") = "SelectionStatements", "Chapter03-vscode\SelectionStatements\SelectionStatements.csproj", "{342AE66B-62E5-4528-A395-078AC8170D60}"
EndProject
Project("{FAE04EC0-301F-11D3-BF4B-00C04F79EFBC}") = "CalculatorLib", "Chapter04-vscode\CalculatorLib\CalculatorLib.csproj", "{67F5092D-38D0-4EE9-ACDF-7957292330E4}"
EndProject
Project("{FAE04EC0-301F-11D3-BF4B-00C04F79EFBC}") = "CalculatorLibUnitTests", "Chapter04-vscode\CalculatorLibUnitTests\CalculatorLibUnitTests.csproj", "{82891FF5-D18E-4C2E-B337-B8D707CFDF84}"
EndProject
Project("{FAE04EC0-301F-11D3-BF4B-00C04F79EFBC}") = "CallStackExceptionHandling", "Chapter04-vscode\CallStackExceptionHandling\CallStackExceptionHandling.csproj", "{D896B171-FCEB-486C-9BD6-078F740DFC64}"
EndProject
Project("{FAE04EC0-301F-11D3-BF4B-00C04F79EFBC}") = "CallStackExceptionHandlingLib", "Chapter04-vscode\CallStackExceptionHandlingLib\CallStackExceptionHandlingLib.csproj", "{B23E4A23-E0E0-4FA9-8E4C-91583BEDA23D}"
EndProject
Project("{FAE04EC0-301F-11D3-BF4B-00C04F79EFBC}") = "Instrumenting", "Chapter04-vscode\Instrumenting\Instrumenting.csproj", "{DBA89E9B-3A65-42E1-A8A3-D7EFD868BA97}"
EndProject
Project("{FAE04EC0-301F-11D3-BF4B-00C04F79EFBC}") = "WritingFunctions", "Chapter04-vscode\WritingFunctions\WritingFunctions.csproj", "{AC79D60D-4C0C-42CC-AAA7-AEC4159C0523}"
EndProject
Project("{FAE04EC0-301F-11D3-BF4B-00C04F79EFBC}") = "PacktLibrary", "Chapter05-vscode\PacktLibrary\PacktLibrary.csproj", "{EA77A506-856B-407A-AC29-9B4942197F36}"
EndProject
Project("{FAE04EC0-301F-11D3-BF4B-00C04F79EFBC}") = "PacktLibraryModern", "Chapter05-vscode\PacktLibraryModern\PacktLibraryModern.csproj", "{CC2212FF-46F9-4EA2-8FCB-C6DC6DC4A5A6}"
EndProject
Project("{FAE04EC0-301F-11D3-BF4B-00C04F79EFBC}") = "PeopleApp", "Chapter05-vscode\PeopleApp\PeopleApp.csproj", "{F086D093-5198-497A-AC61-58DC29BAA317}"
EndProject
Project("{FAE04EC0-301F-11D3-BF4B-00C04F79EFBC}") = "CodeAnalyzing", "Chapter06-vscode\CodeAnalyzing\CodeAnalyzing.csproj", "{371EFBA9-8039-46D7-8A52-D0C157F38A71}"
EndProject
Project("{FAE04EC0-301F-11D3-BF4B-00C04F79EFBC}") = "NullHandling", "Chapter06-vscode\NullHandling\NullHandling.csproj", "{38B10C90-37F0-44BC-AB19-21C08D0E9BCD}"
EndProject
Project("{FAE04EC0-301F-11D3-BF4B-00C04F79EFBC}") = "PacktLibrary", "Chapter06-vscode\PacktLibrary\PacktLibrary.csproj", "{B5CEE66E-241D-4A6F-8D4E-C238FA28E7AC}"
EndProject
Project("{FAE04EC0-301F-11D3-BF4B-00C04F79EFBC}") = "PeopleApp", "Chapter06-vscode\PeopleApp\PeopleApp.csproj", "{CFDB5C52-CDE9-410C-8CBC-E5D9077084F9}"
EndProject
Project("{2150E333-8FDC-42A3-9474-1A3956D46DE8}") = "LeetCode", "LeetCode", "{624C4DA9-8231-463F-BB0B-2F8A7D0551B4}"
EndProject
Project("{FAE04EC0-301F-11D3-BF4B-00C04F79EFBC}") = "ClimbingStairs.Algorythm", "LeetCode\ClimbingStairs\ClimbingStairs.Algorythm\ClimbingStairs.Algorythm.csproj", "{ED6DF3F6-17B5-481E-BB2B-CA39D93F7C91}"
EndProject
Project("{2150E333-8FDC-42A3-9474-1A3956D46DE8}") = "ClimbingStairs", "ClimbingStairs", "{219E4435-523F-4B37-9D95-CC34D23B93CB}"
EndProject
Project("{FAE04EC0-301F-11D3-BF4B-00C04F79EFBC}") = "ClimbingStairs.Console", "LeetCode\ClimbingStairs\ClimbingStairs.Console\ClimbingStairs.Console.csproj", "{6742036E-BC69-4D65-8631-24B90E789F3D}"
EndProject
Project("{FAE04EC0-301F-11D3-BF4B-00C04F79EFBC}") = "ClimbingStairs.Tests", "LeetCode\ClimbingStairs\ClimbingStairs.Tests\ClimbingStairs.Tests.csproj", "{84612C93-1F9E-4DB8-B119-1467DA9128F2}"
EndProject
Project("{2150E333-8FDC-42A3-9474-1A3956D46DE8}") = "Chapter11", "Chapter11", "{1B7B4014-5B25-45C8-B10C-5FF6C8175E5B}"
EndProject
Project("{FAE04EC0-301F-11D3-BF4B-00C04F79EFBC}") = "LinqWithObjects", "Chapter11-vscode\LinqWithObjects\LinqWithObjects.csproj", "{ADAC42B2-4A7B-4148-92CA-DC11E997FDDF}"
EndProject
Project("{FAE04EC0-301F-11D3-BF4B-00C04F79EFBC}") = "LinqWIthSets", "Chapter11-vscode\LinqWIthSets\LinqWIthSets.csproj", "{9D9ABE43-8520-4F8A-BD11-3CD9E798C510}"
EndProject
Project("{2150E333-8FDC-42A3-9474-1A3956D46DE8}") = "Chapter07", "Chapter07", "{96F712B5-7977-47C9-95F8-714D0C7DB993}"
EndProject
Project("{2150E333-8FDC-42A3-9474-1A3956D46DE8}") = "AssembliesAndNamespaces", "AssembliesAndNamespaces", "{C26DACB6-34D5-4569-9FCE-570D2DC8759C}"
EndProject
Project("{FAE04EC0-301F-11D3-BF4B-00C04F79EFBC}") = "AssembliesAndNamespaces", "Chapter07-Rider\AssembliesAndNamespaces\AssembliesAndNamespaces.csproj", "{0937671E-50C5-494F-B107-A56ADCDC02C2}"
EndProject
Global
	GlobalSection(SolutionConfigurationPlatforms) = preSolution
		Debug|Any CPU = Debug|Any CPU
		Release|Any CPU = Release|Any CPU
	EndGlobalSection
	GlobalSection(ProjectConfigurationPlatforms) = postSolution
		{366F86BE-0275-4CDE-BF9B-3DB5909B8225}.Debug|Any CPU.ActiveCfg = Debug|Any CPU
		{366F86BE-0275-4CDE-BF9B-3DB5909B8225}.Debug|Any CPU.Build.0 = Debug|Any CPU
		{366F86BE-0275-4CDE-BF9B-3DB5909B8225}.Release|Any CPU.ActiveCfg = Release|Any CPU
		{366F86BE-0275-4CDE-BF9B-3DB5909B8225}.Release|Any CPU.Build.0 = Release|Any CPU
		{2E42034C-0A59-4C0C-B28F-76173BDB073E}.Debug|Any CPU.ActiveCfg = Debug|Any CPU
		{2E42034C-0A59-4C0C-B28F-76173BDB073E}.Debug|Any CPU.Build.0 = Debug|Any CPU
		{2E42034C-0A59-4C0C-B28F-76173BDB073E}.Release|Any CPU.ActiveCfg = Release|Any CPU
		{2E42034C-0A59-4C0C-B28F-76173BDB073E}.Release|Any CPU.Build.0 = Release|Any CPU
		{F58CB81B-06A9-4A6B-BE9A-340DC0A32B5C}.Debug|Any CPU.ActiveCfg = Debug|Any CPU
		{F58CB81B-06A9-4A6B-BE9A-340DC0A32B5C}.Debug|Any CPU.Build.0 = Debug|Any CPU
		{F58CB81B-06A9-4A6B-BE9A-340DC0A32B5C}.Release|Any CPU.ActiveCfg = Release|Any CPU
		{F58CB81B-06A9-4A6B-BE9A-340DC0A32B5C}.Release|Any CPU.Build.0 = Release|Any CPU
		{E87BD2A1-94E4-40AB-B55D-1CB1C92AA4FA}.Debug|Any CPU.ActiveCfg = Debug|Any CPU
		{E87BD2A1-94E4-40AB-B55D-1CB1C92AA4FA}.Debug|Any CPU.Build.0 = Debug|Any CPU
		{E87BD2A1-94E4-40AB-B55D-1CB1C92AA4FA}.Release|Any CPU.ActiveCfg = Release|Any CPU
		{E87BD2A1-94E4-40AB-B55D-1CB1C92AA4FA}.Release|Any CPU.Build.0 = Release|Any CPU
		{6BA3C87F-E21A-4526-BE56-617B6347E451}.Debug|Any CPU.ActiveCfg = Debug|Any CPU
		{6BA3C87F-E21A-4526-BE56-617B6347E451}.Debug|Any CPU.Build.0 = Debug|Any CPU
		{6BA3C87F-E21A-4526-BE56-617B6347E451}.Release|Any CPU.ActiveCfg = Release|Any CPU
		{6BA3C87F-E21A-4526-BE56-617B6347E451}.Release|Any CPU.Build.0 = Release|Any CPU
		{C9995519-4313-4A6E-B7E0-20E1968007D6}.Debug|Any CPU.ActiveCfg = Debug|Any CPU
		{C9995519-4313-4A6E-B7E0-20E1968007D6}.Debug|Any CPU.Build.0 = Debug|Any CPU
		{C9995519-4313-4A6E-B7E0-20E1968007D6}.Release|Any CPU.ActiveCfg = Release|Any CPU
		{C9995519-4313-4A6E-B7E0-20E1968007D6}.Release|Any CPU.Build.0 = Release|Any CPU
		{BBCCB020-00EB-4534-BF14-1FBC1A7F1432}.Debug|Any CPU.ActiveCfg = Debug|Any CPU
		{BBCCB020-00EB-4534-BF14-1FBC1A7F1432}.Debug|Any CPU.Build.0 = Debug|Any CPU
		{BBCCB020-00EB-4534-BF14-1FBC1A7F1432}.Release|Any CPU.ActiveCfg = Release|Any CPU
		{BBCCB020-00EB-4534-BF14-1FBC1A7F1432}.Release|Any CPU.Build.0 = Release|Any CPU
		{40DAED8E-25A9-48D4-804D-149867439F81}.Debug|Any CPU.ActiveCfg = Debug|Any CPU
		{40DAED8E-25A9-48D4-804D-149867439F81}.Debug|Any CPU.Build.0 = Debug|Any CPU
		{40DAED8E-25A9-48D4-804D-149867439F81}.Release|Any CPU.ActiveCfg = Release|Any CPU
		{40DAED8E-25A9-48D4-804D-149867439F81}.Release|Any CPU.Build.0 = Release|Any CPU
		{9E9EF635-3742-4462-BEC8-CE05BAC563AA}.Debug|Any CPU.ActiveCfg = Debug|Any CPU
		{9E9EF635-3742-4462-BEC8-CE05BAC563AA}.Debug|Any CPU.Build.0 = Debug|Any CPU
		{9E9EF635-3742-4462-BEC8-CE05BAC563AA}.Release|Any CPU.ActiveCfg = Release|Any CPU
		{9E9EF635-3742-4462-BEC8-CE05BAC563AA}.Release|Any CPU.Build.0 = Release|Any CPU
		{7D386FE1-86D5-4998-A4BE-79B8ED934083}.Debug|Any CPU.ActiveCfg = Debug|Any CPU
		{7D386FE1-86D5-4998-A4BE-79B8ED934083}.Debug|Any CPU.Build.0 = Debug|Any CPU
		{7D386FE1-86D5-4998-A4BE-79B8ED934083}.Release|Any CPU.ActiveCfg = Release|Any CPU
		{7D386FE1-86D5-4998-A4BE-79B8ED934083}.Release|Any CPU.Build.0 = Release|Any CPU
		{3A05CA6F-44AB-44B2-87A6-A347B688BC53}.Debug|Any CPU.ActiveCfg = Debug|Any CPU
		{3A05CA6F-44AB-44B2-87A6-A347B688BC53}.Debug|Any CPU.Build.0 = Debug|Any CPU
		{3A05CA6F-44AB-44B2-87A6-A347B688BC53}.Release|Any CPU.ActiveCfg = Release|Any CPU
		{3A05CA6F-44AB-44B2-87A6-A347B688BC53}.Release|Any CPU.Build.0 = Release|Any CPU
		{844139D6-95A7-4B3E-8EB4-CA2547634E18}.Debug|Any CPU.ActiveCfg = Debug|Any CPU
		{844139D6-95A7-4B3E-8EB4-CA2547634E18}.Debug|Any CPU.Build.0 = Debug|Any CPU
		{844139D6-95A7-4B3E-8EB4-CA2547634E18}.Release|Any CPU.ActiveCfg = Release|Any CPU
		{844139D6-95A7-4B3E-8EB4-CA2547634E18}.Release|Any CPU.Build.0 = Release|Any CPU
		{90EAE91B-5646-4246-A8E7-F115E97568E9}.Debug|Any CPU.ActiveCfg = Debug|Any CPU
		{90EAE91B-5646-4246-A8E7-F115E97568E9}.Debug|Any CPU.Build.0 = Debug|Any CPU
		{90EAE91B-5646-4246-A8E7-F115E97568E9}.Release|Any CPU.ActiveCfg = Release|Any CPU
		{90EAE91B-5646-4246-A8E7-F115E97568E9}.Release|Any CPU.Build.0 = Release|Any CPU
		{AD544AA2-0D34-40B4-8620-A1914CBC46F9}.Debug|Any CPU.ActiveCfg = Debug|Any CPU
		{AD544AA2-0D34-40B4-8620-A1914CBC46F9}.Debug|Any CPU.Build.0 = Debug|Any CPU
		{AD544AA2-0D34-40B4-8620-A1914CBC46F9}.Release|Any CPU.ActiveCfg = Release|Any CPU
		{AD544AA2-0D34-40B4-8620-A1914CBC46F9}.Release|Any CPU.Build.0 = Release|Any CPU
		{59817045-324E-40CF-8F73-063FC82D13F4}.Debug|Any CPU.ActiveCfg = Debug|Any CPU
		{59817045-324E-40CF-8F73-063FC82D13F4}.Debug|Any CPU.Build.0 = Debug|Any CPU
		{59817045-324E-40CF-8F73-063FC82D13F4}.Release|Any CPU.ActiveCfg = Release|Any CPU
		{59817045-324E-40CF-8F73-063FC82D13F4}.Release|Any CPU.Build.0 = Release|Any CPU
		{66892C15-C768-4FEE-ACF9-0B997EECE148}.Debug|Any CPU.ActiveCfg = Debug|Any CPU
		{66892C15-C768-4FEE-ACF9-0B997EECE148}.Debug|Any CPU.Build.0 = Debug|Any CPU
		{66892C15-C768-4FEE-ACF9-0B997EECE148}.Release|Any CPU.ActiveCfg = Release|Any CPU
		{66892C15-C768-4FEE-ACF9-0B997EECE148}.Release|Any CPU.Build.0 = Release|Any CPU
		{22818C50-2EC8-41ED-931D-33199AD892BC}.Debug|Any CPU.ActiveCfg = Debug|Any CPU
		{22818C50-2EC8-41ED-931D-33199AD892BC}.Debug|Any CPU.Build.0 = Debug|Any CPU
		{22818C50-2EC8-41ED-931D-33199AD892BC}.Release|Any CPU.ActiveCfg = Release|Any CPU
		{22818C50-2EC8-41ED-931D-33199AD892BC}.Release|Any CPU.Build.0 = Release|Any CPU
		{9DC431F2-A735-4FCD-BFD6-13FFA249DCCB}.Debug|Any CPU.ActiveCfg = Debug|Any CPU
		{9DC431F2-A735-4FCD-BFD6-13FFA249DCCB}.Debug|Any CPU.Build.0 = Debug|Any CPU
		{9DC431F2-A735-4FCD-BFD6-13FFA249DCCB}.Release|Any CPU.ActiveCfg = Release|Any CPU
		{9DC431F2-A735-4FCD-BFD6-13FFA249DCCB}.Release|Any CPU.Build.0 = Release|Any CPU
		{35E209D0-7BA7-402E-910D-D8716EA56D67}.Debug|Any CPU.ActiveCfg = Debug|Any CPU
		{35E209D0-7BA7-402E-910D-D8716EA56D67}.Debug|Any CPU.Build.0 = Debug|Any CPU
		{35E209D0-7BA7-402E-910D-D8716EA56D67}.Release|Any CPU.ActiveCfg = Release|Any CPU
		{35E209D0-7BA7-402E-910D-D8716EA56D67}.Release|Any CPU.Build.0 = Release|Any CPU
		{342AE66B-62E5-4528-A395-078AC8170D60}.Debug|Any CPU.ActiveCfg = Debug|Any CPU
		{342AE66B-62E5-4528-A395-078AC8170D60}.Debug|Any CPU.Build.0 = Debug|Any CPU
		{342AE66B-62E5-4528-A395-078AC8170D60}.Release|Any CPU.ActiveCfg = Release|Any CPU
		{342AE66B-62E5-4528-A395-078AC8170D60}.Release|Any CPU.Build.0 = Release|Any CPU
		{67F5092D-38D0-4EE9-ACDF-7957292330E4}.Debug|Any CPU.ActiveCfg = Debug|Any CPU
		{67F5092D-38D0-4EE9-ACDF-7957292330E4}.Debug|Any CPU.Build.0 = Debug|Any CPU
		{67F5092D-38D0-4EE9-ACDF-7957292330E4}.Release|Any CPU.ActiveCfg = Release|Any CPU
		{67F5092D-38D0-4EE9-ACDF-7957292330E4}.Release|Any CPU.Build.0 = Release|Any CPU
		{82891FF5-D18E-4C2E-B337-B8D707CFDF84}.Debug|Any CPU.ActiveCfg = Debug|Any CPU
		{82891FF5-D18E-4C2E-B337-B8D707CFDF84}.Debug|Any CPU.Build.0 = Debug|Any CPU
		{82891FF5-D18E-4C2E-B337-B8D707CFDF84}.Release|Any CPU.ActiveCfg = Release|Any CPU
		{82891FF5-D18E-4C2E-B337-B8D707CFDF84}.Release|Any CPU.Build.0 = Release|Any CPU
		{D896B171-FCEB-486C-9BD6-078F740DFC64}.Debug|Any CPU.ActiveCfg = Debug|Any CPU
		{D896B171-FCEB-486C-9BD6-078F740DFC64}.Debug|Any CPU.Build.0 = Debug|Any CPU
		{D896B171-FCEB-486C-9BD6-078F740DFC64}.Release|Any CPU.ActiveCfg = Release|Any CPU
		{D896B171-FCEB-486C-9BD6-078F740DFC64}.Release|Any CPU.Build.0 = Release|Any CPU
		{B23E4A23-E0E0-4FA9-8E4C-91583BEDA23D}.Debug|Any CPU.ActiveCfg = Debug|Any CPU
		{B23E4A23-E0E0-4FA9-8E4C-91583BEDA23D}.Debug|Any CPU.Build.0 = Debug|Any CPU
		{B23E4A23-E0E0-4FA9-8E4C-91583BEDA23D}.Release|Any CPU.ActiveCfg = Release|Any CPU
		{B23E4A23-E0E0-4FA9-8E4C-91583BEDA23D}.Release|Any CPU.Build.0 = Release|Any CPU
		{DBA89E9B-3A65-42E1-A8A3-D7EFD868BA97}.Debug|Any CPU.ActiveCfg = Debug|Any CPU
		{DBA89E9B-3A65-42E1-A8A3-D7EFD868BA97}.Debug|Any CPU.Build.0 = Debug|Any CPU
		{DBA89E9B-3A65-42E1-A8A3-D7EFD868BA97}.Release|Any CPU.ActiveCfg = Release|Any CPU
		{DBA89E9B-3A65-42E1-A8A3-D7EFD868BA97}.Release|Any CPU.Build.0 = Release|Any CPU
		{AC79D60D-4C0C-42CC-AAA7-AEC4159C0523}.Debug|Any CPU.ActiveCfg = Debug|Any CPU
		{AC79D60D-4C0C-42CC-AAA7-AEC4159C0523}.Debug|Any CPU.Build.0 = Debug|Any CPU
		{AC79D60D-4C0C-42CC-AAA7-AEC4159C0523}.Release|Any CPU.ActiveCfg = Release|Any CPU
		{AC79D60D-4C0C-42CC-AAA7-AEC4159C0523}.Release|Any CPU.Build.0 = Release|Any CPU
		{EA77A506-856B-407A-AC29-9B4942197F36}.Debug|Any CPU.ActiveCfg = Debug|Any CPU
		{EA77A506-856B-407A-AC29-9B4942197F36}.Debug|Any CPU.Build.0 = Debug|Any CPU
		{EA77A506-856B-407A-AC29-9B4942197F36}.Release|Any CPU.ActiveCfg = Release|Any CPU
		{EA77A506-856B-407A-AC29-9B4942197F36}.Release|Any CPU.Build.0 = Release|Any CPU
		{CC2212FF-46F9-4EA2-8FCB-C6DC6DC4A5A6}.Debug|Any CPU.ActiveCfg = Debug|Any CPU
		{CC2212FF-46F9-4EA2-8FCB-C6DC6DC4A5A6}.Debug|Any CPU.Build.0 = Debug|Any CPU
		{CC2212FF-46F9-4EA2-8FCB-C6DC6DC4A5A6}.Release|Any CPU.ActiveCfg = Release|Any CPU
		{CC2212FF-46F9-4EA2-8FCB-C6DC6DC4A5A6}.Release|Any CPU.Build.0 = Release|Any CPU
		{F086D093-5198-497A-AC61-58DC29BAA317}.Debug|Any CPU.ActiveCfg = Debug|Any CPU
		{F086D093-5198-497A-AC61-58DC29BAA317}.Debug|Any CPU.Build.0 = Debug|Any CPU
		{F086D093-5198-497A-AC61-58DC29BAA317}.Release|Any CPU.ActiveCfg = Release|Any CPU
		{F086D093-5198-497A-AC61-58DC29BAA317}.Release|Any CPU.Build.0 = Release|Any CPU
		{371EFBA9-8039-46D7-8A52-D0C157F38A71}.Debug|Any CPU.ActiveCfg = Debug|Any CPU
		{371EFBA9-8039-46D7-8A52-D0C157F38A71}.Debug|Any CPU.Build.0 = Debug|Any CPU
		{371EFBA9-8039-46D7-8A52-D0C157F38A71}.Release|Any CPU.ActiveCfg = Release|Any CPU
		{371EFBA9-8039-46D7-8A52-D0C157F38A71}.Release|Any CPU.Build.0 = Release|Any CPU
		{38B10C90-37F0-44BC-AB19-21C08D0E9BCD}.Debug|Any CPU.ActiveCfg = Debug|Any CPU
		{38B10C90-37F0-44BC-AB19-21C08D0E9BCD}.Debug|Any CPU.Build.0 = Debug|Any CPU
		{38B10C90-37F0-44BC-AB19-21C08D0E9BCD}.Release|Any CPU.ActiveCfg = Release|Any CPU
		{38B10C90-37F0-44BC-AB19-21C08D0E9BCD}.Release|Any CPU.Build.0 = Release|Any CPU
		{B5CEE66E-241D-4A6F-8D4E-C238FA28E7AC}.Debug|Any CPU.ActiveCfg = Debug|Any CPU
		{B5CEE66E-241D-4A6F-8D4E-C238FA28E7AC}.Debug|Any CPU.Build.0 = Debug|Any CPU
		{B5CEE66E-241D-4A6F-8D4E-C238FA28E7AC}.Release|Any CPU.ActiveCfg = Release|Any CPU
		{B5CEE66E-241D-4A6F-8D4E-C238FA28E7AC}.Release|Any CPU.Build.0 = Release|Any CPU
		{CFDB5C52-CDE9-410C-8CBC-E5D9077084F9}.Debug|Any CPU.ActiveCfg = Debug|Any CPU
		{CFDB5C52-CDE9-410C-8CBC-E5D9077084F9}.Debug|Any CPU.Build.0 = Debug|Any CPU
		{CFDB5C52-CDE9-410C-8CBC-E5D9077084F9}.Release|Any CPU.ActiveCfg = Release|Any CPU
		{CFDB5C52-CDE9-410C-8CBC-E5D9077084F9}.Release|Any CPU.Build.0 = Release|Any CPU
		{ED6DF3F6-17B5-481E-BB2B-CA39D93F7C91}.Debug|Any CPU.ActiveCfg = Debug|Any CPU
		{ED6DF3F6-17B5-481E-BB2B-CA39D93F7C91}.Debug|Any CPU.Build.0 = Debug|Any CPU
		{ED6DF3F6-17B5-481E-BB2B-CA39D93F7C91}.Release|Any CPU.ActiveCfg = Release|Any CPU
		{ED6DF3F6-17B5-481E-BB2B-CA39D93F7C91}.Release|Any CPU.Build.0 = Release|Any CPU
		{6742036E-BC69-4D65-8631-24B90E789F3D}.Debug|Any CPU.ActiveCfg = Debug|Any CPU
		{6742036E-BC69-4D65-8631-24B90E789F3D}.Debug|Any CPU.Build.0 = Debug|Any CPU
		{6742036E-BC69-4D65-8631-24B90E789F3D}.Release|Any CPU.ActiveCfg = Release|Any CPU
		{6742036E-BC69-4D65-8631-24B90E789F3D}.Release|Any CPU.Build.0 = Release|Any CPU
		{84612C93-1F9E-4DB8-B119-1467DA9128F2}.Debug|Any CPU.ActiveCfg = Debug|Any CPU
		{84612C93-1F9E-4DB8-B119-1467DA9128F2}.Debug|Any CPU.Build.0 = Debug|Any CPU
		{84612C93-1F9E-4DB8-B119-1467DA9128F2}.Release|Any CPU.ActiveCfg = Release|Any CPU
		{84612C93-1F9E-4DB8-B119-1467DA9128F2}.Release|Any CPU.Build.0 = Release|Any CPU
		{ADAC42B2-4A7B-4148-92CA-DC11E997FDDF}.Debug|Any CPU.ActiveCfg = Debug|Any CPU
		{ADAC42B2-4A7B-4148-92CA-DC11E997FDDF}.Debug|Any CPU.Build.0 = Debug|Any CPU
		{ADAC42B2-4A7B-4148-92CA-DC11E997FDDF}.Release|Any CPU.ActiveCfg = Release|Any CPU
		{ADAC42B2-4A7B-4148-92CA-DC11E997FDDF}.Release|Any CPU.Build.0 = Release|Any CPU
		{9D9ABE43-8520-4F8A-BD11-3CD9E798C510}.Debug|Any CPU.ActiveCfg = Debug|Any CPU
		{9D9ABE43-8520-4F8A-BD11-3CD9E798C510}.Debug|Any CPU.Build.0 = Debug|Any CPU
		{9D9ABE43-8520-4F8A-BD11-3CD9E798C510}.Release|Any CPU.ActiveCfg = Release|Any CPU
		{9D9ABE43-8520-4F8A-BD11-3CD9E798C510}.Release|Any CPU.Build.0 = Release|Any CPU
		{0937671E-50C5-494F-B107-A56ADCDC02C2}.Debug|Any CPU.ActiveCfg = Debug|Any CPU
		{0937671E-50C5-494F-B107-A56ADCDC02C2}.Debug|Any CPU.Build.0 = Debug|Any CPU
		{0937671E-50C5-494F-B107-A56ADCDC02C2}.Release|Any CPU.ActiveCfg = Release|Any CPU
		{0937671E-50C5-494F-B107-A56ADCDC02C2}.Release|Any CPU.Build.0 = Release|Any CPU
	EndGlobalSection
	GlobalSection(NestedProjects) = preSolution
		{366F86BE-0275-4CDE-BF9B-3DB5909B8225} = {23FFE2B1-92B4-4C49-B115-5097752A1167}
		{2E42034C-0A59-4C0C-B28F-76173BDB073E} = {23FFE2B1-92B4-4C49-B115-5097752A1167}
		{F58CB81B-06A9-4A6B-BE9A-340DC0A32B5C} = {868ADC95-9AF0-468B-9581-D6BF56F19382}
		{E87BD2A1-94E4-40AB-B55D-1CB1C92AA4FA} = {868ADC95-9AF0-468B-9581-D6BF56F19382}
		{6BA3C87F-E21A-4526-BE56-617B6347E451} = {868ADC95-9AF0-468B-9581-D6BF56F19382}
		{C9995519-4313-4A6E-B7E0-20E1968007D6} = {868ADC95-9AF0-468B-9581-D6BF56F19382}
		{BBCCB020-00EB-4534-BF14-1FBC1A7F1432} = {868ADC95-9AF0-468B-9581-D6BF56F19382}
		{40DAED8E-25A9-48D4-804D-149867439F81} = {868ADC95-9AF0-468B-9581-D6BF56F19382}
		{9E9EF635-3742-4462-BEC8-CE05BAC563AA} = {1219CE30-2CB4-4D00-B44C-A6FE5D657CDB}
		{7D386FE1-86D5-4998-A4BE-79B8ED934083} = {1219CE30-2CB4-4D00-B44C-A6FE5D657CDB}
		{3A05CA6F-44AB-44B2-87A6-A347B688BC53} = {1219CE30-2CB4-4D00-B44C-A6FE5D657CDB}
		{844139D6-95A7-4B3E-8EB4-CA2547634E18} = {1219CE30-2CB4-4D00-B44C-A6FE5D657CDB}
		{90EAE91B-5646-4246-A8E7-F115E97568E9} = {1219CE30-2CB4-4D00-B44C-A6FE5D657CDB}
		{AD544AA2-0D34-40B4-8620-A1914CBC46F9} = {1219CE30-2CB4-4D00-B44C-A6FE5D657CDB}
		{59817045-324E-40CF-8F73-063FC82D13F4} = {1219CE30-2CB4-4D00-B44C-A6FE5D657CDB}
		{66892C15-C768-4FEE-ACF9-0B997EECE148} = {1219CE30-2CB4-4D00-B44C-A6FE5D657CDB}
		{22818C50-2EC8-41ED-931D-33199AD892BC} = {1219CE30-2CB4-4D00-B44C-A6FE5D657CDB}
		{9DC431F2-A735-4FCD-BFD6-13FFA249DCCB} = {1219CE30-2CB4-4D00-B44C-A6FE5D657CDB}
		{35E209D0-7BA7-402E-910D-D8716EA56D67} = {1219CE30-2CB4-4D00-B44C-A6FE5D657CDB}
		{342AE66B-62E5-4528-A395-078AC8170D60} = {1219CE30-2CB4-4D00-B44C-A6FE5D657CDB}
		{67F5092D-38D0-4EE9-ACDF-7957292330E4} = {05E2DB55-EFA9-496E-86D0-A3AF8BFE249C}
		{82891FF5-D18E-4C2E-B337-B8D707CFDF84} = {05E2DB55-EFA9-496E-86D0-A3AF8BFE249C}
		{D896B171-FCEB-486C-9BD6-078F740DFC64} = {05E2DB55-EFA9-496E-86D0-A3AF8BFE249C}
		{B23E4A23-E0E0-4FA9-8E4C-91583BEDA23D} = {05E2DB55-EFA9-496E-86D0-A3AF8BFE249C}
		{DBA89E9B-3A65-42E1-A8A3-D7EFD868BA97} = {05E2DB55-EFA9-496E-86D0-A3AF8BFE249C}
		{AC79D60D-4C0C-42CC-AAA7-AEC4159C0523} = {05E2DB55-EFA9-496E-86D0-A3AF8BFE249C}
		{EA77A506-856B-407A-AC29-9B4942197F36} = {3DED3899-C309-4D3E-AA56-2AAF4F2AF6C8}
		{CC2212FF-46F9-4EA2-8FCB-C6DC6DC4A5A6} = {3DED3899-C309-4D3E-AA56-2AAF4F2AF6C8}
		{F086D093-5198-497A-AC61-58DC29BAA317} = {3DED3899-C309-4D3E-AA56-2AAF4F2AF6C8}
		{371EFBA9-8039-46D7-8A52-D0C157F38A71} = {ACFBDF86-DC37-4C06-BDB1-E242443ADB49}
		{38B10C90-37F0-44BC-AB19-21C08D0E9BCD} = {ACFBDF86-DC37-4C06-BDB1-E242443ADB49}
		{B5CEE66E-241D-4A6F-8D4E-C238FA28E7AC} = {ACFBDF86-DC37-4C06-BDB1-E242443ADB49}
		{CFDB5C52-CDE9-410C-8CBC-E5D9077084F9} = {ACFBDF86-DC37-4C06-BDB1-E242443ADB49}
		{219E4435-523F-4B37-9D95-CC34D23B93CB} = {624C4DA9-8231-463F-BB0B-2F8A7D0551B4}
		{ED6DF3F6-17B5-481E-BB2B-CA39D93F7C91} = {219E4435-523F-4B37-9D95-CC34D23B93CB}
		{6742036E-BC69-4D65-8631-24B90E789F3D} = {219E4435-523F-4B37-9D95-CC34D23B93CB}
		{84612C93-1F9E-4DB8-B119-1467DA9128F2} = {219E4435-523F-4B37-9D95-CC34D23B93CB}
		{ADAC42B2-4A7B-4148-92CA-DC11E997FDDF} = {1B7B4014-5B25-45C8-B10C-5FF6C8175E5B}
		{9D9ABE43-8520-4F8A-BD11-3CD9E798C510} = {1B7B4014-5B25-45C8-B10C-5FF6C8175E5B}
		{C26DACB6-34D5-4569-9FCE-570D2DC8759C} = {96F712B5-7977-47C9-95F8-714D0C7DB993}
		{0937671E-50C5-494F-B107-A56ADCDC02C2} = {C26DACB6-34D5-4569-9FCE-570D2DC8759C}
	EndGlobalSection
EndGlobal
