
Microsoft Visual Studio Solution File, Format Version 12.00
Project("{FAE04EC0-301F-11D3-BF4B-00C04F79EFBC}") = "Services", "Services\Services.csproj", "{BA22245F-4BA6-4980-A611-4C54C0034B20}"
EndProject
Project("{FAE04EC0-301F-11D3-BF4B-00C04F79EFBC}") = "Repositories", "Repositories\Repositories.csproj", "{288FA806-9E82-4CC1-BFB6-10EBDEB02D99}"
EndProject
Project("{FAE04EC0-301F-11D3-BF4B-00C04F79EFBC}") = "Store", "Store\Store.csproj", "{3B23E7A3-E62F-4A5B-875F-6CE4E8E42C02}"
EndProject
Project("{2150E333-8FDC-42A3-9474-1A3956D46DE8}") = "Solution Items", "Solution Items", "{FDE1330B-C59A-4DE2-9A45-803DF7B1B966}"
	ProjectSection(SolutionItems) = preProject
		Readme.md = Readme.md
		Directory.Build.props = Directory.Build.props
		Directory.Packages.props = Directory.Packages.props
	EndProjectSection
EndProject
Project("{FAE04EC0-301F-11D3-BF4B-00C04F79EFBC}") = "Common.Exceptions", "Common.Exceptions\Common.Exceptions.csproj", "{6896BEDC-5733-4D43-998D-29D099249BCD}"
EndProject
Project("{FAE04EC0-301F-11D3-BF4B-00C04F79EFBC}") = "Api", "Api\Api.csproj", "{B46BA97B-FEDD-45A5-A84F-BCF945C0982F}"
EndProject
Project("{FAE04EC0-301F-11D3-BF4B-00C04F79EFBC}") = "Contracts", "Contracts\Contracts.csproj", "{97D27958-2932-48F5-A076-5C61EF25F278}"
EndProject
Project("{FAE04EC0-301F-11D3-BF4B-00C04F79EFBC}") = "Console", "Console\Console.csproj", "{5B4A03A4-A1DF-47DC-BDFF-50C5779821B9}"
EndProject
Project("{FAE04EC0-301F-11D3-BF4B-00C04F79EFBC}") = "Client", "Client\Client.csproj", "{348BE50F-5CD4-4C80-9957-27931E66F2FD}"
EndProject
Project("{FAE04EC0-301F-11D3-BF4B-00C04F79EFBC}") = "IntegrationTests", "IntegrationTests\IntegrationTests.csproj", "{147571E4-AD25-4EEA-A284-60210709FC80}"
EndProject
Project("{FAE04EC0-301F-11D3-BF4B-00C04F79EFBC}") = "Tests", "Tests\Tests.csproj", "{3AF99714-1D8C-425D-AB34-D86E79A52715}"
EndProject
Project("{FAE04EC0-301F-11D3-BF4B-00C04F79EFBC}") = "UnitTests", "UnitTests\UnitTests.csproj", "{60CAB536-5ECD-4047-9F2E-6909C768FAE3}"
EndProject
Project("{2150E333-8FDC-42A3-9474-1A3956D46DE8}") = "Tests", "Tests", "{0FD50018-3FE1-4EB1-B427-5AB10E4EF53B}"
EndProject
Global
	GlobalSection(SolutionConfigurationPlatforms) = preSolution
		Debug|Any CPU = Debug|Any CPU
		Release|Any CPU = Release|Any CPU
	EndGlobalSection
	GlobalSection(ProjectConfigurationPlatforms) = postSolution
		{BA22245F-4BA6-4980-A611-4C54C0034B20}.Debug|Any CPU.ActiveCfg = Debug|Any CPU
		{BA22245F-4BA6-4980-A611-4C54C0034B20}.Debug|Any CPU.Build.0 = Debug|Any CPU
		{BA22245F-4BA6-4980-A611-4C54C0034B20}.Release|Any CPU.ActiveCfg = Release|Any CPU
		{BA22245F-4BA6-4980-A611-4C54C0034B20}.Release|Any CPU.Build.0 = Release|Any CPU
		{288FA806-9E82-4CC1-BFB6-10EBDEB02D99}.Debug|Any CPU.ActiveCfg = Debug|Any CPU
		{288FA806-9E82-4CC1-BFB6-10EBDEB02D99}.Debug|Any CPU.Build.0 = Debug|Any CPU
		{288FA806-9E82-4CC1-BFB6-10EBDEB02D99}.Release|Any CPU.ActiveCfg = Release|Any CPU
		{288FA806-9E82-4CC1-BFB6-10EBDEB02D99}.Release|Any CPU.Build.0 = Release|Any CPU
		{3B23E7A3-E62F-4A5B-875F-6CE4E8E42C02}.Debug|Any CPU.ActiveCfg = Debug|Any CPU
		{3B23E7A3-E62F-4A5B-875F-6CE4E8E42C02}.Debug|Any CPU.Build.0 = Debug|Any CPU
		{3B23E7A3-E62F-4A5B-875F-6CE4E8E42C02}.Release|Any CPU.ActiveCfg = Release|Any CPU
		{3B23E7A3-E62F-4A5B-875F-6CE4E8E42C02}.Release|Any CPU.Build.0 = Release|Any CPU
		{6896BEDC-5733-4D43-998D-29D099249BCD}.Debug|Any CPU.ActiveCfg = Debug|Any CPU
		{6896BEDC-5733-4D43-998D-29D099249BCD}.Debug|Any CPU.Build.0 = Debug|Any CPU
		{6896BEDC-5733-4D43-998D-29D099249BCD}.Release|Any CPU.ActiveCfg = Release|Any CPU
		{6896BEDC-5733-4D43-998D-29D099249BCD}.Release|Any CPU.Build.0 = Release|Any CPU
		{B46BA97B-FEDD-45A5-A84F-BCF945C0982F}.Debug|Any CPU.ActiveCfg = Debug|Any CPU
		{B46BA97B-FEDD-45A5-A84F-BCF945C0982F}.Debug|Any CPU.Build.0 = Debug|Any CPU
		{B46BA97B-FEDD-45A5-A84F-BCF945C0982F}.Release|Any CPU.ActiveCfg = Release|Any CPU
		{B46BA97B-FEDD-45A5-A84F-BCF945C0982F}.Release|Any CPU.Build.0 = Release|Any CPU
		{97D27958-2932-48F5-A076-5C61EF25F278}.Debug|Any CPU.ActiveCfg = Debug|Any CPU
		{97D27958-2932-48F5-A076-5C61EF25F278}.Debug|Any CPU.Build.0 = Debug|Any CPU
		{97D27958-2932-48F5-A076-5C61EF25F278}.Release|Any CPU.ActiveCfg = Release|Any CPU
		{97D27958-2932-48F5-A076-5C61EF25F278}.Release|Any CPU.Build.0 = Release|Any CPU
		{5B4A03A4-A1DF-47DC-BDFF-50C5779821B9}.Debug|Any CPU.ActiveCfg = Debug|Any CPU
		{5B4A03A4-A1DF-47DC-BDFF-50C5779821B9}.Debug|Any CPU.Build.0 = Debug|Any CPU
		{5B4A03A4-A1DF-47DC-BDFF-50C5779821B9}.Release|Any CPU.ActiveCfg = Release|Any CPU
		{5B4A03A4-A1DF-47DC-BDFF-50C5779821B9}.Release|Any CPU.Build.0 = Release|Any CPU
		{348BE50F-5CD4-4C80-9957-27931E66F2FD}.Debug|Any CPU.ActiveCfg = Debug|Any CPU
		{348BE50F-5CD4-4C80-9957-27931E66F2FD}.Debug|Any CPU.Build.0 = Debug|Any CPU
		{348BE50F-5CD4-4C80-9957-27931E66F2FD}.Release|Any CPU.ActiveCfg = Release|Any CPU
		{348BE50F-5CD4-4C80-9957-27931E66F2FD}.Release|Any CPU.Build.0 = Release|Any CPU
		{147571E4-AD25-4EEA-A284-60210709FC80}.Debug|Any CPU.ActiveCfg = Debug|Any CPU
		{147571E4-AD25-4EEA-A284-60210709FC80}.Debug|Any CPU.Build.0 = Debug|Any CPU
		{147571E4-AD25-4EEA-A284-60210709FC80}.Release|Any CPU.ActiveCfg = Release|Any CPU
		{147571E4-AD25-4EEA-A284-60210709FC80}.Release|Any CPU.Build.0 = Release|Any CPU
		{3AF99714-1D8C-425D-AB34-D86E79A52715}.Debug|Any CPU.ActiveCfg = Debug|Any CPU
		{3AF99714-1D8C-425D-AB34-D86E79A52715}.Debug|Any CPU.Build.0 = Debug|Any CPU
		{3AF99714-1D8C-425D-AB34-D86E79A52715}.Release|Any CPU.ActiveCfg = Release|Any CPU
		{3AF99714-1D8C-425D-AB34-D86E79A52715}.Release|Any CPU.Build.0 = Release|Any CPU
		{60CAB536-5ECD-4047-9F2E-6909C768FAE3}.Debug|Any CPU.ActiveCfg = Debug|Any CPU
		{60CAB536-5ECD-4047-9F2E-6909C768FAE3}.Debug|Any CPU.Build.0 = Debug|Any CPU
		{60CAB536-5ECD-4047-9F2E-6909C768FAE3}.Release|Any CPU.ActiveCfg = Release|Any CPU
		{60CAB536-5ECD-4047-9F2E-6909C768FAE3}.Release|Any CPU.Build.0 = Release|Any CPU
	EndGlobalSection
	GlobalSection(NestedProjects) = preSolution
		{147571E4-AD25-4EEA-A284-60210709FC80} = {0FD50018-3FE1-4EB1-B427-5AB10E4EF53B}
		{60CAB536-5ECD-4047-9F2E-6909C768FAE3} = {0FD50018-3FE1-4EB1-B427-5AB10E4EF53B}
	EndGlobalSection
EndGlobal
