
Microsoft Visual Studio Solution File, Format Version 12.00
# Visual Studio Version 17
VisualStudioVersion = 17.3.32811.315
MinimumVisualStudioVersion = 10.0.40219.1
Project("{FAE04EC0-301F-11D3-BF4B-00C04F79EFBC}") = "HelloCS", "HelloCS\HelloCS.csproj", "{C2071370-3C74-4338-84DF-2EF25A7A87BD}"
EndProject
Global
	GlobalSection(SolutionConfigurationPlatforms) = preSolution
		Debug|Any CPU = Debug|Any CPU
		Release|Any CPU = Release|Any CPU
	EndGlobalSection
	GlobalSection(ProjectConfigurationPlatforms) = postSolution
		{C2071370-3C74-4338-84DF-2EF25A7A87BD}.Debug|Any CPU.ActiveCfg = Debug|Any CPU
		{C2071370-3C74-4338-84DF-2EF25A7A87BD}.Debug|Any CPU.Build.0 = Debug|Any CPU
		{C2071370-3C74-4338-84DF-2EF25A7A87BD}.Release|Any CPU.ActiveCfg = Release|Any CPU
		{C2071370-3C74-4338-84DF-2EF25A7A87BD}.Release|Any CPU.Build.0 = Release|Any CPU
	EndGlobalSection
	GlobalSection(SolutionProperties) = preSolution
		HideSolutionNode = FALSE
	EndGlobalSection
	GlobalSection(ExtensibilityGlobals) = postSolution
		SolutionGuid = {501E5FD0-29BF-4D93-BCAC-8728486EE6E0}
	EndGlobalSection
EndGlobal
