
Microsoft Visual Studio Solution File, Format Version 12.00
Project("{FAE04EC0-301F-11D3-BF4B-00C04F79EFBC}") = "WarehouseApp", "WarehouseApp\WarehouseApp.csproj", "{2D931590-0886-411F-B5DB-328CD500B9DD}"
EndProject
Project("{FAE04EC0-301F-11D3-BF4B-00C04F79EFBC}") = "Services", "Services\Services.csproj", "{BA22245F-4BA6-4980-A611-4C54C0034B20}"
EndProject
Project("{FAE04EC0-301F-11D3-BF4B-00C04F79EFBC}") = "Repositories", "Repositories\Repositories.csproj", "{288FA806-9E82-4CC1-BFB6-10EBDEB02D99}"
EndProject
Project("{FAE04EC0-301F-11D3-BF4B-00C04F79EFBC}") = "WarehouseDbContext", "WarehouseDbContext\WarehouseDbContext.csproj", "{3B23E7A3-E62F-4A5B-875F-6CE4E8E42C02}"
EndProject
Global
	GlobalSection(SolutionConfigurationPlatforms) = preSolution
		Debug|Any CPU = Debug|Any CPU
		Release|Any CPU = Release|Any CPU
	EndGlobalSection
	GlobalSection(ProjectConfigurationPlatforms) = postSolution
		{2D931590-0886-411F-B5DB-328CD500B9DD}.Debug|Any CPU.ActiveCfg = Debug|Any CPU
		{2D931590-0886-411F-B5DB-328CD500B9DD}.Debug|Any CPU.Build.0 = Debug|Any CPU
		{2D931590-0886-411F-B5DB-328CD500B9DD}.Release|Any CPU.ActiveCfg = Release|Any CPU
		{2D931590-0886-411F-B5DB-328CD500B9DD}.Release|Any CPU.Build.0 = Release|Any CPU
		{BA22245F-4BA6-4980-A611-4C54C0034B20}.Debug|Any CPU.ActiveCfg = Debug|Any CPU
		{BA22245F-4BA6-4980-A611-4C54C0034B20}.Debug|Any CPU.Build.0 = Debug|Any CPU
		{BA22245F-4BA6-4980-A611-4C54C0034B20}.Release|Any CPU.ActiveCfg = Release|Any CPU
		{BA22245F-4BA6-4980-A611-4C54C0034B20}.Release|Any CPU.Build.0 = Release|Any CPU
		{288FA806-9E82-4CC1-BFB6-10EBDEB02D99}.Debug|Any CPU.ActiveCfg = Debug|Any CPU
		{288FA806-9E82-4CC1-BFB6-10EBDEB02D99}.Debug|Any CPU.Build.0 = Debug|Any CPU
		{288FA806-9E82-4CC1-BFB6-10EBDEB02D99}.Release|Any CPU.ActiveCfg = Release|Any CPU
		{288FA806-9E82-4CC1-BFB6-10EBDEB02D99}.Release|Any CPU.Build.0 = Release|Any CPU
		{3B23E7A3-E62F-4A5B-875F-6CE4E8E42C02}.Debug|Any CPU.ActiveCfg = Debug|Any CPU
		{3B23E7A3-E62F-4A5B-875F-6CE4E8E42C02}.Debug|Any CPU.Build.0 = Debug|Any CPU
		{3B23E7A3-E62F-4A5B-875F-6CE4E8E42C02}.Release|Any CPU.ActiveCfg = Release|Any CPU
		{3B23E7A3-E62F-4A5B-875F-6CE4E8E42C02}.Release|Any CPU.Build.0 = Release|Any CPU
	EndGlobalSection
EndGlobal
