
Microsoft Visual Studio Solution File, Format Version 12.00
Project("{FAE04EC0-301F-11D3-BF4B-00C04F79EFBC}") = "Data", "Data\Data.csproj", "{27962718-974E-4D70-809B-E27C8C86404D}"
EndProject
Project("{FAE04EC0-301F-11D3-BF4B-00C04F79EFBC}") = "ConsoleApp", "ConsoleApp\ConsoleApp.csproj", "{2D931590-0886-411F-B5DB-328CD500B9DD}"
EndProject
Project("{FAE04EC0-301F-11D3-BF4B-00C04F79EFBC}") = "Tests", "Tests\Tests.csproj", "{E3FA5F72-EE5D-45C2-901A-33F11AF29EEA}"
EndProject
Project("{FAE04EC0-301F-11D3-BF4B-00C04F79EFBC}") = "Services", "Services\Services.csproj", "{BA22245F-4BA6-4980-A611-4C54C0034B20}"
EndProject
Project("{FAE04EC0-301F-11D3-BF4B-00C04F79EFBC}") = "Store", "Store\Store.csproj", "{66D53CC9-6B80-4C74-BADE-A8ADFBD07988}"
EndProject
Global
	GlobalSection(SolutionConfigurationPlatforms) = preSolution
		Debug|Any CPU = Debug|Any CPU
		Release|Any CPU = Release|Any CPU
	EndGlobalSection
	GlobalSection(ProjectConfigurationPlatforms) = postSolution
		{27962718-974E-4D70-809B-E27C8C86404D}.Debug|Any CPU.ActiveCfg = Debug|Any CPU
		{27962718-974E-4D70-809B-E27C8C86404D}.Debug|Any CPU.Build.0 = Debug|Any CPU
		{27962718-974E-4D70-809B-E27C8C86404D}.Release|Any CPU.ActiveCfg = Release|Any CPU
		{27962718-974E-4D70-809B-E27C8C86404D}.Release|Any CPU.Build.0 = Release|Any CPU
		{2D931590-0886-411F-B5DB-328CD500B9DD}.Debug|Any CPU.ActiveCfg = Debug|Any CPU
		{2D931590-0886-411F-B5DB-328CD500B9DD}.Debug|Any CPU.Build.0 = Debug|Any CPU
		{2D931590-0886-411F-B5DB-328CD500B9DD}.Release|Any CPU.ActiveCfg = Release|Any CPU
		{2D931590-0886-411F-B5DB-328CD500B9DD}.Release|Any CPU.Build.0 = Release|Any CPU
		{E3FA5F72-EE5D-45C2-901A-33F11AF29EEA}.Debug|Any CPU.ActiveCfg = Debug|Any CPU
		{E3FA5F72-EE5D-45C2-901A-33F11AF29EEA}.Debug|Any CPU.Build.0 = Debug|Any CPU
		{E3FA5F72-EE5D-45C2-901A-33F11AF29EEA}.Release|Any CPU.ActiveCfg = Release|Any CPU
		{E3FA5F72-EE5D-45C2-901A-33F11AF29EEA}.Release|Any CPU.Build.0 = Release|Any CPU
		{BA22245F-4BA6-4980-A611-4C54C0034B20}.Debug|Any CPU.ActiveCfg = Debug|Any CPU
		{BA22245F-4BA6-4980-A611-4C54C0034B20}.Debug|Any CPU.Build.0 = Debug|Any CPU
		{BA22245F-4BA6-4980-A611-4C54C0034B20}.Release|Any CPU.ActiveCfg = Release|Any CPU
		{BA22245F-4BA6-4980-A611-4C54C0034B20}.Release|Any CPU.Build.0 = Release|Any CPU
		{66D53CC9-6B80-4C74-BADE-A8ADFBD07988}.Debug|Any CPU.ActiveCfg = Debug|Any CPU
		{66D53CC9-6B80-4C74-BADE-A8ADFBD07988}.Debug|Any CPU.Build.0 = Debug|Any CPU
		{66D53CC9-6B80-4C74-BADE-A8ADFBD07988}.Release|Any CPU.ActiveCfg = Release|Any CPU
		{66D53CC9-6B80-4C74-BADE-A8ADFBD07988}.Release|Any CPU.Build.0 = Release|Any CPU
	EndGlobalSection
EndGlobal
