
Microsoft Visual Studio Solution File, Format Version 12.00
Project("{2150E333-8FDC-42A3-9474-1A3956D46DE8}") = "Chapter01", "Chapter01", "{E0578820-8A67-4949-9C1E-0504D3971AA0}"
EndProject
Project("{2150E333-8FDC-42A3-9474-1A3956D46DE8}") = "Chapter02", "Chapter02", "{02168879-0E7E-4F44-99F2-84A07821954C}"
EndProject
Project("{2150E333-8FDC-42A3-9474-1A3956D46DE8}") = "Chapter03", "Chapter03", "{6E57B50E-5F24-4E57-9F13-90277AB18658}"
EndProject
Project("{2150E333-8FDC-42A3-9474-1A3956D46DE8}") = "Chapter04", "Chapter04", "{87F8DD7D-6CD9-4EFF-AA33-6AF94EC12FF5}"
EndProject
Project("{2150E333-8FDC-42A3-9474-1A3956D46DE8}") = "Chapter05", "Chapter05", "{8120B95E-C818-438D-B753-1B69DBA71FF5}"
EndProject
Project("{2150E333-8FDC-42A3-9474-1A3956D46DE8}") = "Chapter06", "Chapter06", "{3E671600-354E-45D8-9900-383A75748E60}"
EndProject
Project("{2150E333-8FDC-42A3-9474-1A3956D46DE8}") = "Chapter07", "Chapter07", "{8B7D4FB1-F814-48D6-B9C9-00B07D25E633}"
EndProject
Project("{2150E333-8FDC-42A3-9474-1A3956D46DE8}") = "Chapter11", "Chapter11", "{A87687A1-152E-4DA1-86F9-E7C2D17F99D7}"
EndProject
Project("{FAE04EC0-301F-11D3-BF4B-00C04F79EFBC}") = "HelloCS", "Chapter01-vscode\HelloCS\HelloCS.csproj", "{C6ED4DC2-05BC-49C6-A481-F23074BB117D}"
EndProject
Project("{FAE04EC0-301F-11D3-BF4B-00C04F79EFBC}") = "TopLevelProgram", "Chapter01-vscode\TopLevelProgram\TopLevelProgram.csproj", "{F75091AE-3452-4075-91B2-AC520D786818}"
EndProject
Project("{FAE04EC0-301F-11D3-BF4B-00C04F79EFBC}") = "Arguments", "Chapter02-vscode\Arguments\Arguments.csproj", "{5470AA3C-EFDE-4E21-8B85-0EC2C96D7059}"
EndProject
Project("{FAE04EC0-301F-11D3-BF4B-00C04F79EFBC}") = "Formatting", "Chapter02-vscode\Formatting\Formatting.csproj", "{ED839932-72DC-4DEC-A1CA-69A49D436842}"
EndProject
Project("{FAE04EC0-301F-11D3-BF4B-00C04F79EFBC}") = "Numbers", "Chapter02-vscode\Numbers\Numbers.csproj", "{6B16395E-F68F-4838-A8B0-11088874EE42}"
EndProject
Project("{FAE04EC0-301F-11D3-BF4B-00C04F79EFBC}") = "Variables", "Chapter02-vscode\Variables\Variables.csproj", "{8B670AF8-56E6-4AC4-8243-29E66309E6C2}"
EndProject
Project("{FAE04EC0-301F-11D3-BF4B-00C04F79EFBC}") = "Vocabulary", "Chapter02-vscode\Vocabulary\Vocabulary.csproj", "{DE1E84AD-14A4-49CB-B3B2-26C880DE0FB3}"
EndProject
Project("{FAE04EC0-301F-11D3-BF4B-00C04F79EFBC}") = "BitwiseAndShiftOperators", "Chapter03-vscode\BitwiseAndShiftOperators\BitwiseAndShiftOperators.csproj", "{DCD6799B-97A0-4AD7-8996-289D2076E2B0}"
EndProject
Project("{FAE04EC0-301F-11D3-BF4B-00C04F79EFBC}") = "BooleanOperators", "Chapter03-vscode\BooleanOperators\BooleanOperators.csproj", "{9038D734-D716-43A0-8FD5-281DA27E349B}"
EndProject
Project("{FAE04EC0-301F-11D3-BF4B-00C04F79EFBC}") = "CastingConverting", "Chapter03-vscode\CastingConverting\CastingConverting.csproj", "{AF143E07-939E-411B-97B6-D111495A0BE8}"
EndProject
Project("{FAE04EC0-301F-11D3-BF4B-00C04F79EFBC}") = "CheckingForOverflow", "Chapter03-vscode\CheckingForOverflow\CheckingForOverflow.csproj", "{6DA6B1FF-816C-4E26-B171-F9584939BBDE}"
EndProject
Project("{FAE04EC0-301F-11D3-BF4B-00C04F79EFBC}") = "HandlingExceptions", "Chapter03-vscode\HandlingExceptions\HandlingExceptions.csproj", "{A0A84718-06D3-4669-8596-E117180B8596}"
EndProject
Project("{FAE04EC0-301F-11D3-BF4B-00C04F79EFBC}") = "IterationStatements", "Chapter03-vscode\IterationStatements\IterationStatements.csproj", "{73CE5DF3-3133-477E-9090-D8F77C86204F}"
EndProject
Project("{FAE04EC0-301F-11D3-BF4B-00C04F79EFBC}") = "Operators", "Chapter03-vscode\Operators\Operators.csproj", "{56885973-C5FE-4DA9-8713-AFD20EC80367}"
EndProject
Project("{FAE04EC0-301F-11D3-BF4B-00C04F79EFBC}") = "SelectionStatements", "Chapter03-vscode\SelectionStatements\SelectionStatements.csproj", "{00BA2003-7A61-44D8-AEE3-E561E4BFDCA1}"
EndProject
Project("{FAE04EC0-301F-11D3-BF4B-00C04F79EFBC}") = "CalculatorLib", "Chapter04-vscode\CalculatorLib\CalculatorLib.csproj", "{0D19BCAC-7C81-4C07-B101-2E4FB6943A0B}"
EndProject
Project("{FAE04EC0-301F-11D3-BF4B-00C04F79EFBC}") = "CalculatorLibUnitTests", "Chapter04-vscode\CalculatorLibUnitTests\CalculatorLibUnitTests.csproj", "{56127CCC-3571-48FA-BDAA-9E8810820F15}"
EndProject
Project("{FAE04EC0-301F-11D3-BF4B-00C04F79EFBC}") = "CallStackExceptionHandling", "Chapter04-vscode\CallStackExceptionHandling\CallStackExceptionHandling.csproj", "{46889D2E-E547-47DF-88EC-175246A46F2B}"
EndProject
Project("{FAE04EC0-301F-11D3-BF4B-00C04F79EFBC}") = "CallStackExceptionHandlingLib", "Chapter04-vscode\CallStackExceptionHandlingLib\CallStackExceptionHandlingLib.csproj", "{61392F25-1B24-40F1-9199-B590FD55C047}"
EndProject
Project("{FAE04EC0-301F-11D3-BF4B-00C04F79EFBC}") = "Instrumenting", "Chapter04-vscode\Instrumenting\Instrumenting.csproj", "{CF5CF888-E251-486B-BDE6-3F583B70A6CF}"
EndProject
Project("{FAE04EC0-301F-11D3-BF4B-00C04F79EFBC}") = "WritingFunctions", "Chapter04-vscode\WritingFunctions\WritingFunctions.csproj", "{D279906D-79B7-47FB-843D-73918F9B3F3F}"
EndProject
Project("{FAE04EC0-301F-11D3-BF4B-00C04F79EFBC}") = "PacktLibrary", "Chapter05-vscode\PacktLibrary\PacktLibrary.csproj", "{B1111DBA-4958-4FE9-8303-A4D04A61F234}"
EndProject
Project("{FAE04EC0-301F-11D3-BF4B-00C04F79EFBC}") = "PacktLibraryModern", "Chapter05-vscode\PacktLibraryModern\PacktLibraryModern.csproj", "{9469D458-D5BE-41C9-BC6F-A84A7F4F16F8}"
EndProject
Project("{FAE04EC0-301F-11D3-BF4B-00C04F79EFBC}") = "PeopleApp", "Chapter05-vscode\PeopleApp\PeopleApp.csproj", "{D0C21169-98D4-4C96-9C1C-D5C333EEFBE9}"
EndProject
Project("{FAE04EC0-301F-11D3-BF4B-00C04F79EFBC}") = "CodeAnalyzing", "Chapter06-vscode\CodeAnalyzing\CodeAnalyzing.csproj", "{DF7D45A0-9EED-4106-A5FF-4F9AE333949B}"
EndProject
Project("{FAE04EC0-301F-11D3-BF4B-00C04F79EFBC}") = "NullHandling", "Chapter06-vscode\NullHandling\NullHandling.csproj", "{18D3DD9A-65D8-40F2-BF20-38FC99216C01}"
EndProject
Project("{FAE04EC0-301F-11D3-BF4B-00C04F79EFBC}") = "PacktLibrary", "Chapter06-vscode\PacktLibrary\PacktLibrary.csproj", "{A7D72BEF-8E3D-423C-8F84-1B8AFC7BE67B}"
EndProject
Project("{FAE04EC0-301F-11D3-BF4B-00C04F79EFBC}") = "PeopleApp", "Chapter06-vscode\PeopleApp\PeopleApp.csproj", "{A24AD7B5-CA32-4C4D-A5D3-F5908D5656E2}"
EndProject
Project("{FAE04EC0-301F-11D3-BF4B-00C04F79EFBC}") = "AssembliesAndNamespaces", "Chapter07-Rider\AssembliesAndNamespaces\AssembliesAndNamespaces.csproj", "{A807CF42-BC51-4AFE-8ADD-D5A37CD94B8E}"
EndProject
Project("{FAE04EC0-301F-11D3-BF4B-00C04F79EFBC}") = "LinqWithObjects", "Chapter11-vscode\LinqWithObjects\LinqWithObjects.csproj", "{50F73D8B-FD43-4062-9895-63EBDFB5C3C1}"
EndProject
Project("{FAE04EC0-301F-11D3-BF4B-00C04F79EFBC}") = "LinqWIthSets", "Chapter11-vscode\LinqWIthSets\LinqWIthSets.csproj", "{E0BE42FC-1035-4106-9DE1-672695408E6D}"
EndProject
Project("{FAE04EC0-301F-11D3-BF4B-00C04F79EFBC}") = "WorkingWithFileSystems", "Chapter09\WorkingWithFileSystems\WorkingWithFileSystems.csproj", "{D37FC700-A8C2-4E55-92F6-3650A59B9BC0}"
EndProject
Project("{2150E333-8FDC-42A3-9474-1A3956D46DE8}") = "Chapter09", "Chapter09", "{E7A74683-0500-4249-8A36-4D12E90F1A43}"
	ProjectSection(SolutionItems) = preProject
		Chapter09\Exercise 9.1.md = Chapter09\Exercise 9.1.md
	EndProjectSection
EndProject
Project("{FAE04EC0-301F-11D3-BF4B-00C04F79EFBC}") = "WorkingWithStreams", "Chapter09\WorkingWithStreams\WorkingWithStreams.csproj", "{EBCE4B67-2952-48E8-B149-4FDBF64CC232}"
EndProject
Project("{FAE04EC0-301F-11D3-BF4B-00C04F79EFBC}") = "WorkingWithEncodings", "Chapter09\WorkingWithEncodings\WorkingWithEncodings.csproj", "{2C8032D2-9804-4F04-B250-34AB4E76C453}"
EndProject
Project("{FAE04EC0-301F-11D3-BF4B-00C04F79EFBC}") = "WorkingWithSerialization", "Chapter09\WorkingWithSerialization\WorkingWithSerialization.csproj", "{435369E6-8E24-4C82-B7AC-D0FE2674061A}"
EndProject
Project("{FAE04EC0-301F-11D3-BF4B-00C04F79EFBC}") = "WorkingWithJson", "Chapter09\WorkingWithJson\WorkingWithJson.csproj", "{58695ABB-32BB-4DB9-8E94-5B75A7201C0B}"
EndProject
Project("{FAE04EC0-301F-11D3-BF4B-00C04F79EFBC}") = "WorkingWithEFCore", "Chapter10-Rider\WorkingWithEFCore\WorkingWithEFCore.csproj", "{CF59C68E-E5C7-47E6-8D0D-5CB7902062B8}"
EndProject
Project("{2150E333-8FDC-42A3-9474-1A3956D46DE8}") = "Chapter10", "Chapter10", "{DBF54B3F-C449-4AEF-8190-AADCCFCC3DA5}"
EndProject
Project("{2150E333-8FDC-42A3-9474-1A3956D46DE8}") = "Chapter12", "Chapter12", "{BFB89BF0-A26A-4720-B939-6BA7C580C357}"
EndProject
Project("{FAE04EC0-301F-11D3-BF4B-00C04F79EFBC}") = "MonitoringLib", "Chapter12\MonitoringLib\MonitoringLib.csproj", "{185178D0-71A0-4AFD-850C-2C7B860549C3}"
EndProject
Project("{FAE04EC0-301F-11D3-BF4B-00C04F79EFBC}") = "MonitoringApp", "Chapter12\MonitoringApp\MonitoringApp.csproj", "{B79F9836-DB6F-44A1-AEA9-0F98C1783A2E}"
EndProject
Project("{FAE04EC0-301F-11D3-BF4B-00C04F79EFBC}") = "Benchmarking", "Chapter12\Benchmarking\Benchmarking.csproj", "{E8A93D82-518E-476D-A558-CA921FC2FFBC}"
EndProject
Project("{FAE04EC0-301F-11D3-BF4B-00C04F79EFBC}") = "WorkingWithTasks", "Chapter12\WorkingWithTasks\WorkingWithTasks.csproj", "{6C36E4AD-53D2-4312-AEE1-8C345EAE95A9}"
EndProject
Project("{FAE04EC0-301F-11D3-BF4B-00C04F79EFBC}") = "NestedAndChildTasks", "Chapter12\NestedAndChildTasks\NestedAndChildTasks.csproj", "{BD0087B4-4477-4F33-ADB1-F2B989EBE033}"
EndProject
Project("{FAE04EC0-301F-11D3-BF4B-00C04F79EFBC}") = "SynchronizingResourceAccess", "Chapter12\SynchronizingResourceAccess\SynchronizingResourceAccess.csproj", "{F4EC120E-04CE-44DB-B871-C06E8C2DA329}"
EndProject
Project("{FAE04EC0-301F-11D3-BF4B-00C04F79EFBC}") = "AsyncConsole", "Chapter12\AsyncConsole\AsyncConsole.csproj", "{432F880A-D6CC-403B-BE42-D2563EC55DA6}"
EndProject
Project("{FAE04EC0-301F-11D3-BF4B-00C04F79EFBC}") = "AsyncEnumerable", "Chapter12\AsyncEnumerable\AsyncEnumerable.csproj", "{2561165F-155F-40F9-B7F8-75C4F28E3AA1}"
EndProject
Global
	GlobalSection(SolutionConfigurationPlatforms) = preSolution
		Debug|Any CPU = Debug|Any CPU
		Release|Any CPU = Release|Any CPU
	EndGlobalSection
	GlobalSection(NestedProjects) = preSolution
		{C6ED4DC2-05BC-49C6-A481-F23074BB117D} = {E0578820-8A67-4949-9C1E-0504D3971AA0}
		{F75091AE-3452-4075-91B2-AC520D786818} = {E0578820-8A67-4949-9C1E-0504D3971AA0}
		{5470AA3C-EFDE-4E21-8B85-0EC2C96D7059} = {02168879-0E7E-4F44-99F2-84A07821954C}
		{ED839932-72DC-4DEC-A1CA-69A49D436842} = {02168879-0E7E-4F44-99F2-84A07821954C}
		{6B16395E-F68F-4838-A8B0-11088874EE42} = {02168879-0E7E-4F44-99F2-84A07821954C}
		{8B670AF8-56E6-4AC4-8243-29E66309E6C2} = {02168879-0E7E-4F44-99F2-84A07821954C}
		{DE1E84AD-14A4-49CB-B3B2-26C880DE0FB3} = {02168879-0E7E-4F44-99F2-84A07821954C}
		{DCD6799B-97A0-4AD7-8996-289D2076E2B0} = {6E57B50E-5F24-4E57-9F13-90277AB18658}
		{9038D734-D716-43A0-8FD5-281DA27E349B} = {6E57B50E-5F24-4E57-9F13-90277AB18658}
		{AF143E07-939E-411B-97B6-D111495A0BE8} = {6E57B50E-5F24-4E57-9F13-90277AB18658}
		{6DA6B1FF-816C-4E26-B171-F9584939BBDE} = {6E57B50E-5F24-4E57-9F13-90277AB18658}
		{A0A84718-06D3-4669-8596-E117180B8596} = {6E57B50E-5F24-4E57-9F13-90277AB18658}
		{73CE5DF3-3133-477E-9090-D8F77C86204F} = {6E57B50E-5F24-4E57-9F13-90277AB18658}
		{56885973-C5FE-4DA9-8713-AFD20EC80367} = {6E57B50E-5F24-4E57-9F13-90277AB18658}
		{00BA2003-7A61-44D8-AEE3-E561E4BFDCA1} = {6E57B50E-5F24-4E57-9F13-90277AB18658}
		{0D19BCAC-7C81-4C07-B101-2E4FB6943A0B} = {87F8DD7D-6CD9-4EFF-AA33-6AF94EC12FF5}
		{56127CCC-3571-48FA-BDAA-9E8810820F15} = {87F8DD7D-6CD9-4EFF-AA33-6AF94EC12FF5}
		{46889D2E-E547-47DF-88EC-175246A46F2B} = {87F8DD7D-6CD9-4EFF-AA33-6AF94EC12FF5}
		{61392F25-1B24-40F1-9199-B590FD55C047} = {87F8DD7D-6CD9-4EFF-AA33-6AF94EC12FF5}
		{CF5CF888-E251-486B-BDE6-3F583B70A6CF} = {87F8DD7D-6CD9-4EFF-AA33-6AF94EC12FF5}
		{D279906D-79B7-47FB-843D-73918F9B3F3F} = {87F8DD7D-6CD9-4EFF-AA33-6AF94EC12FF5}
		{B1111DBA-4958-4FE9-8303-A4D04A61F234} = {8120B95E-C818-438D-B753-1B69DBA71FF5}
		{9469D458-D5BE-41C9-BC6F-A84A7F4F16F8} = {8120B95E-C818-438D-B753-1B69DBA71FF5}
		{D0C21169-98D4-4C96-9C1C-D5C333EEFBE9} = {8120B95E-C818-438D-B753-1B69DBA71FF5}
		{DF7D45A0-9EED-4106-A5FF-4F9AE333949B} = {3E671600-354E-45D8-9900-383A75748E60}
		{18D3DD9A-65D8-40F2-BF20-38FC99216C01} = {3E671600-354E-45D8-9900-383A75748E60}
		{A7D72BEF-8E3D-423C-8F84-1B8AFC7BE67B} = {3E671600-354E-45D8-9900-383A75748E60}
		{A24AD7B5-CA32-4C4D-A5D3-F5908D5656E2} = {3E671600-354E-45D8-9900-383A75748E60}
		{A807CF42-BC51-4AFE-8ADD-D5A37CD94B8E} = {8B7D4FB1-F814-48D6-B9C9-00B07D25E633}
		{50F73D8B-FD43-4062-9895-63EBDFB5C3C1} = {A87687A1-152E-4DA1-86F9-E7C2D17F99D7}
		{E0BE42FC-1035-4106-9DE1-672695408E6D} = {A87687A1-152E-4DA1-86F9-E7C2D17F99D7}
		{D37FC700-A8C2-4E55-92F6-3650A59B9BC0} = {E7A74683-0500-4249-8A36-4D12E90F1A43}
		{EBCE4B67-2952-48E8-B149-4FDBF64CC232} = {E7A74683-0500-4249-8A36-4D12E90F1A43}
		{2C8032D2-9804-4F04-B250-34AB4E76C453} = {E7A74683-0500-4249-8A36-4D12E90F1A43}
		{435369E6-8E24-4C82-B7AC-D0FE2674061A} = {E7A74683-0500-4249-8A36-4D12E90F1A43}
		{58695ABB-32BB-4DB9-8E94-5B75A7201C0B} = {E7A74683-0500-4249-8A36-4D12E90F1A43}
		{CF59C68E-E5C7-47E6-8D0D-5CB7902062B8} = {DBF54B3F-C449-4AEF-8190-AADCCFCC3DA5}
		{185178D0-71A0-4AFD-850C-2C7B860549C3} = {BFB89BF0-A26A-4720-B939-6BA7C580C357}
		{B79F9836-DB6F-44A1-AEA9-0F98C1783A2E} = {BFB89BF0-A26A-4720-B939-6BA7C580C357}
		{E8A93D82-518E-476D-A558-CA921FC2FFBC} = {BFB89BF0-A26A-4720-B939-6BA7C580C357}
		{6C36E4AD-53D2-4312-AEE1-8C345EAE95A9} = {BFB89BF0-A26A-4720-B939-6BA7C580C357}
		{BD0087B4-4477-4F33-ADB1-F2B989EBE033} = {BFB89BF0-A26A-4720-B939-6BA7C580C357}
		{F4EC120E-04CE-44DB-B871-C06E8C2DA329} = {BFB89BF0-A26A-4720-B939-6BA7C580C357}
		{432F880A-D6CC-403B-BE42-D2563EC55DA6} = {BFB89BF0-A26A-4720-B939-6BA7C580C357}
		{2561165F-155F-40F9-B7F8-75C4F28E3AA1} = {BFB89BF0-A26A-4720-B939-6BA7C580C357}
	EndGlobalSection
	GlobalSection(ProjectConfigurationPlatforms) = postSolution
		{C6ED4DC2-05BC-49C6-A481-F23074BB117D}.Debug|Any CPU.ActiveCfg = Debug|Any CPU
		{C6ED4DC2-05BC-49C6-A481-F23074BB117D}.Debug|Any CPU.Build.0 = Debug|Any CPU
		{C6ED4DC2-05BC-49C6-A481-F23074BB117D}.Release|Any CPU.ActiveCfg = Release|Any CPU
		{C6ED4DC2-05BC-49C6-A481-F23074BB117D}.Release|Any CPU.Build.0 = Release|Any CPU
		{F75091AE-3452-4075-91B2-AC520D786818}.Debug|Any CPU.ActiveCfg = Debug|Any CPU
		{F75091AE-3452-4075-91B2-AC520D786818}.Debug|Any CPU.Build.0 = Debug|Any CPU
		{F75091AE-3452-4075-91B2-AC520D786818}.Release|Any CPU.ActiveCfg = Release|Any CPU
		{F75091AE-3452-4075-91B2-AC520D786818}.Release|Any CPU.Build.0 = Release|Any CPU
		{5470AA3C-EFDE-4E21-8B85-0EC2C96D7059}.Debug|Any CPU.ActiveCfg = Debug|Any CPU
		{5470AA3C-EFDE-4E21-8B85-0EC2C96D7059}.Debug|Any CPU.Build.0 = Debug|Any CPU
		{5470AA3C-EFDE-4E21-8B85-0EC2C96D7059}.Release|Any CPU.ActiveCfg = Release|Any CPU
		{5470AA3C-EFDE-4E21-8B85-0EC2C96D7059}.Release|Any CPU.Build.0 = Release|Any CPU
		{ED839932-72DC-4DEC-A1CA-69A49D436842}.Debug|Any CPU.ActiveCfg = Debug|Any CPU
		{ED839932-72DC-4DEC-A1CA-69A49D436842}.Debug|Any CPU.Build.0 = Debug|Any CPU
		{ED839932-72DC-4DEC-A1CA-69A49D436842}.Release|Any CPU.ActiveCfg = Release|Any CPU
		{ED839932-72DC-4DEC-A1CA-69A49D436842}.Release|Any CPU.Build.0 = Release|Any CPU
		{6B16395E-F68F-4838-A8B0-11088874EE42}.Debug|Any CPU.ActiveCfg = Debug|Any CPU
		{6B16395E-F68F-4838-A8B0-11088874EE42}.Debug|Any CPU.Build.0 = Debug|Any CPU
		{6B16395E-F68F-4838-A8B0-11088874EE42}.Release|Any CPU.ActiveCfg = Release|Any CPU
		{6B16395E-F68F-4838-A8B0-11088874EE42}.Release|Any CPU.Build.0 = Release|Any CPU
		{8B670AF8-56E6-4AC4-8243-29E66309E6C2}.Debug|Any CPU.ActiveCfg = Debug|Any CPU
		{8B670AF8-56E6-4AC4-8243-29E66309E6C2}.Debug|Any CPU.Build.0 = Debug|Any CPU
		{8B670AF8-56E6-4AC4-8243-29E66309E6C2}.Release|Any CPU.ActiveCfg = Release|Any CPU
		{8B670AF8-56E6-4AC4-8243-29E66309E6C2}.Release|Any CPU.Build.0 = Release|Any CPU
		{DE1E84AD-14A4-49CB-B3B2-26C880DE0FB3}.Debug|Any CPU.ActiveCfg = Debug|Any CPU
		{DE1E84AD-14A4-49CB-B3B2-26C880DE0FB3}.Debug|Any CPU.Build.0 = Debug|Any CPU
		{DE1E84AD-14A4-49CB-B3B2-26C880DE0FB3}.Release|Any CPU.ActiveCfg = Release|Any CPU
		{DE1E84AD-14A4-49CB-B3B2-26C880DE0FB3}.Release|Any CPU.Build.0 = Release|Any CPU
		{DCD6799B-97A0-4AD7-8996-289D2076E2B0}.Debug|Any CPU.ActiveCfg = Debug|Any CPU
		{DCD6799B-97A0-4AD7-8996-289D2076E2B0}.Debug|Any CPU.Build.0 = Debug|Any CPU
		{DCD6799B-97A0-4AD7-8996-289D2076E2B0}.Release|Any CPU.ActiveCfg = Release|Any CPU
		{DCD6799B-97A0-4AD7-8996-289D2076E2B0}.Release|Any CPU.Build.0 = Release|Any CPU
		{9038D734-D716-43A0-8FD5-281DA27E349B}.Debug|Any CPU.ActiveCfg = Debug|Any CPU
		{9038D734-D716-43A0-8FD5-281DA27E349B}.Debug|Any CPU.Build.0 = Debug|Any CPU
		{9038D734-D716-43A0-8FD5-281DA27E349B}.Release|Any CPU.ActiveCfg = Release|Any CPU
		{9038D734-D716-43A0-8FD5-281DA27E349B}.Release|Any CPU.Build.0 = Release|Any CPU
		{AF143E07-939E-411B-97B6-D111495A0BE8}.Debug|Any CPU.ActiveCfg = Debug|Any CPU
		{AF143E07-939E-411B-97B6-D111495A0BE8}.Debug|Any CPU.Build.0 = Debug|Any CPU
		{AF143E07-939E-411B-97B6-D111495A0BE8}.Release|Any CPU.ActiveCfg = Release|Any CPU
		{AF143E07-939E-411B-97B6-D111495A0BE8}.Release|Any CPU.Build.0 = Release|Any CPU
		{6DA6B1FF-816C-4E26-B171-F9584939BBDE}.Debug|Any CPU.ActiveCfg = Debug|Any CPU
		{6DA6B1FF-816C-4E26-B171-F9584939BBDE}.Debug|Any CPU.Build.0 = Debug|Any CPU
		{6DA6B1FF-816C-4E26-B171-F9584939BBDE}.Release|Any CPU.ActiveCfg = Release|Any CPU
		{6DA6B1FF-816C-4E26-B171-F9584939BBDE}.Release|Any CPU.Build.0 = Release|Any CPU
		{A0A84718-06D3-4669-8596-E117180B8596}.Debug|Any CPU.ActiveCfg = Debug|Any CPU
		{A0A84718-06D3-4669-8596-E117180B8596}.Debug|Any CPU.Build.0 = Debug|Any CPU
		{A0A84718-06D3-4669-8596-E117180B8596}.Release|Any CPU.ActiveCfg = Release|Any CPU
		{A0A84718-06D3-4669-8596-E117180B8596}.Release|Any CPU.Build.0 = Release|Any CPU
		{73CE5DF3-3133-477E-9090-D8F77C86204F}.Debug|Any CPU.ActiveCfg = Debug|Any CPU
		{73CE5DF3-3133-477E-9090-D8F77C86204F}.Debug|Any CPU.Build.0 = Debug|Any CPU
		{73CE5DF3-3133-477E-9090-D8F77C86204F}.Release|Any CPU.ActiveCfg = Release|Any CPU
		{73CE5DF3-3133-477E-9090-D8F77C86204F}.Release|Any CPU.Build.0 = Release|Any CPU
		{56885973-C5FE-4DA9-8713-AFD20EC80367}.Debug|Any CPU.ActiveCfg = Debug|Any CPU
		{56885973-C5FE-4DA9-8713-AFD20EC80367}.Debug|Any CPU.Build.0 = Debug|Any CPU
		{56885973-C5FE-4DA9-8713-AFD20EC80367}.Release|Any CPU.ActiveCfg = Release|Any CPU
		{56885973-C5FE-4DA9-8713-AFD20EC80367}.Release|Any CPU.Build.0 = Release|Any CPU
		{00BA2003-7A61-44D8-AEE3-E561E4BFDCA1}.Debug|Any CPU.ActiveCfg = Debug|Any CPU
		{00BA2003-7A61-44D8-AEE3-E561E4BFDCA1}.Debug|Any CPU.Build.0 = Debug|Any CPU
		{00BA2003-7A61-44D8-AEE3-E561E4BFDCA1}.Release|Any CPU.ActiveCfg = Release|Any CPU
		{00BA2003-7A61-44D8-AEE3-E561E4BFDCA1}.Release|Any CPU.Build.0 = Release|Any CPU
		{0D19BCAC-7C81-4C07-B101-2E4FB6943A0B}.Debug|Any CPU.ActiveCfg = Debug|Any CPU
		{0D19BCAC-7C81-4C07-B101-2E4FB6943A0B}.Debug|Any CPU.Build.0 = Debug|Any CPU
		{0D19BCAC-7C81-4C07-B101-2E4FB6943A0B}.Release|Any CPU.ActiveCfg = Release|Any CPU
		{0D19BCAC-7C81-4C07-B101-2E4FB6943A0B}.Release|Any CPU.Build.0 = Release|Any CPU
		{56127CCC-3571-48FA-BDAA-9E8810820F15}.Debug|Any CPU.ActiveCfg = Debug|Any CPU
		{56127CCC-3571-48FA-BDAA-9E8810820F15}.Debug|Any CPU.Build.0 = Debug|Any CPU
		{56127CCC-3571-48FA-BDAA-9E8810820F15}.Release|Any CPU.ActiveCfg = Release|Any CPU
		{56127CCC-3571-48FA-BDAA-9E8810820F15}.Release|Any CPU.Build.0 = Release|Any CPU
		{46889D2E-E547-47DF-88EC-175246A46F2B}.Debug|Any CPU.ActiveCfg = Debug|Any CPU
		{46889D2E-E547-47DF-88EC-175246A46F2B}.Debug|Any CPU.Build.0 = Debug|Any CPU
		{46889D2E-E547-47DF-88EC-175246A46F2B}.Release|Any CPU.ActiveCfg = Release|Any CPU
		{46889D2E-E547-47DF-88EC-175246A46F2B}.Release|Any CPU.Build.0 = Release|Any CPU
		{61392F25-1B24-40F1-9199-B590FD55C047}.Debug|Any CPU.ActiveCfg = Debug|Any CPU
		{61392F25-1B24-40F1-9199-B590FD55C047}.Debug|Any CPU.Build.0 = Debug|Any CPU
		{61392F25-1B24-40F1-9199-B590FD55C047}.Release|Any CPU.ActiveCfg = Release|Any CPU
		{61392F25-1B24-40F1-9199-B590FD55C047}.Release|Any CPU.Build.0 = Release|Any CPU
		{CF5CF888-E251-486B-BDE6-3F583B70A6CF}.Debug|Any CPU.ActiveCfg = Debug|Any CPU
		{CF5CF888-E251-486B-BDE6-3F583B70A6CF}.Debug|Any CPU.Build.0 = Debug|Any CPU
		{CF5CF888-E251-486B-BDE6-3F583B70A6CF}.Release|Any CPU.ActiveCfg = Release|Any CPU
		{CF5CF888-E251-486B-BDE6-3F583B70A6CF}.Release|Any CPU.Build.0 = Release|Any CPU
		{D279906D-79B7-47FB-843D-73918F9B3F3F}.Debug|Any CPU.ActiveCfg = Debug|Any CPU
		{D279906D-79B7-47FB-843D-73918F9B3F3F}.Debug|Any CPU.Build.0 = Debug|Any CPU
		{D279906D-79B7-47FB-843D-73918F9B3F3F}.Release|Any CPU.ActiveCfg = Release|Any CPU
		{D279906D-79B7-47FB-843D-73918F9B3F3F}.Release|Any CPU.Build.0 = Release|Any CPU
		{B1111DBA-4958-4FE9-8303-A4D04A61F234}.Debug|Any CPU.ActiveCfg = Debug|Any CPU
		{B1111DBA-4958-4FE9-8303-A4D04A61F234}.Debug|Any CPU.Build.0 = Debug|Any CPU
		{B1111DBA-4958-4FE9-8303-A4D04A61F234}.Release|Any CPU.ActiveCfg = Release|Any CPU
		{B1111DBA-4958-4FE9-8303-A4D04A61F234}.Release|Any CPU.Build.0 = Release|Any CPU
		{9469D458-D5BE-41C9-BC6F-A84A7F4F16F8}.Debug|Any CPU.ActiveCfg = Debug|Any CPU
		{9469D458-D5BE-41C9-BC6F-A84A7F4F16F8}.Debug|Any CPU.Build.0 = Debug|Any CPU
		{9469D458-D5BE-41C9-BC6F-A84A7F4F16F8}.Release|Any CPU.ActiveCfg = Release|Any CPU
		{9469D458-D5BE-41C9-BC6F-A84A7F4F16F8}.Release|Any CPU.Build.0 = Release|Any CPU
		{D0C21169-98D4-4C96-9C1C-D5C333EEFBE9}.Debug|Any CPU.ActiveCfg = Debug|Any CPU
		{D0C21169-98D4-4C96-9C1C-D5C333EEFBE9}.Debug|Any CPU.Build.0 = Debug|Any CPU
		{D0C21169-98D4-4C96-9C1C-D5C333EEFBE9}.Release|Any CPU.ActiveCfg = Release|Any CPU
		{D0C21169-98D4-4C96-9C1C-D5C333EEFBE9}.Release|Any CPU.Build.0 = Release|Any CPU
		{DF7D45A0-9EED-4106-A5FF-4F9AE333949B}.Debug|Any CPU.ActiveCfg = Debug|Any CPU
		{DF7D45A0-9EED-4106-A5FF-4F9AE333949B}.Debug|Any CPU.Build.0 = Debug|Any CPU
		{DF7D45A0-9EED-4106-A5FF-4F9AE333949B}.Release|Any CPU.ActiveCfg = Release|Any CPU
		{DF7D45A0-9EED-4106-A5FF-4F9AE333949B}.Release|Any CPU.Build.0 = Release|Any CPU
		{18D3DD9A-65D8-40F2-BF20-38FC99216C01}.Debug|Any CPU.ActiveCfg = Debug|Any CPU
		{18D3DD9A-65D8-40F2-BF20-38FC99216C01}.Debug|Any CPU.Build.0 = Debug|Any CPU
		{18D3DD9A-65D8-40F2-BF20-38FC99216C01}.Release|Any CPU.ActiveCfg = Release|Any CPU
		{18D3DD9A-65D8-40F2-BF20-38FC99216C01}.Release|Any CPU.Build.0 = Release|Any CPU
		{A7D72BEF-8E3D-423C-8F84-1B8AFC7BE67B}.Debug|Any CPU.ActiveCfg = Debug|Any CPU
		{A7D72BEF-8E3D-423C-8F84-1B8AFC7BE67B}.Debug|Any CPU.Build.0 = Debug|Any CPU
		{A7D72BEF-8E3D-423C-8F84-1B8AFC7BE67B}.Release|Any CPU.ActiveCfg = Release|Any CPU
		{A7D72BEF-8E3D-423C-8F84-1B8AFC7BE67B}.Release|Any CPU.Build.0 = Release|Any CPU
		{A24AD7B5-CA32-4C4D-A5D3-F5908D5656E2}.Debug|Any CPU.ActiveCfg = Debug|Any CPU
		{A24AD7B5-CA32-4C4D-A5D3-F5908D5656E2}.Debug|Any CPU.Build.0 = Debug|Any CPU
		{A24AD7B5-CA32-4C4D-A5D3-F5908D5656E2}.Release|Any CPU.ActiveCfg = Release|Any CPU
		{A24AD7B5-CA32-4C4D-A5D3-F5908D5656E2}.Release|Any CPU.Build.0 = Release|Any CPU
		{A807CF42-BC51-4AFE-8ADD-D5A37CD94B8E}.Debug|Any CPU.ActiveCfg = Debug|Any CPU
		{A807CF42-BC51-4AFE-8ADD-D5A37CD94B8E}.Debug|Any CPU.Build.0 = Debug|Any CPU
		{A807CF42-BC51-4AFE-8ADD-D5A37CD94B8E}.Release|Any CPU.ActiveCfg = Release|Any CPU
		{A807CF42-BC51-4AFE-8ADD-D5A37CD94B8E}.Release|Any CPU.Build.0 = Release|Any CPU
		{50F73D8B-FD43-4062-9895-63EBDFB5C3C1}.Debug|Any CPU.ActiveCfg = Debug|Any CPU
		{50F73D8B-FD43-4062-9895-63EBDFB5C3C1}.Debug|Any CPU.Build.0 = Debug|Any CPU
		{50F73D8B-FD43-4062-9895-63EBDFB5C3C1}.Release|Any CPU.ActiveCfg = Release|Any CPU
		{50F73D8B-FD43-4062-9895-63EBDFB5C3C1}.Release|Any CPU.Build.0 = Release|Any CPU
		{E0BE42FC-1035-4106-9DE1-672695408E6D}.Debug|Any CPU.ActiveCfg = Debug|Any CPU
		{E0BE42FC-1035-4106-9DE1-672695408E6D}.Debug|Any CPU.Build.0 = Debug|Any CPU
		{E0BE42FC-1035-4106-9DE1-672695408E6D}.Release|Any CPU.ActiveCfg = Release|Any CPU
		{E0BE42FC-1035-4106-9DE1-672695408E6D}.Release|Any CPU.Build.0 = Release|Any CPU
		{D37FC700-A8C2-4E55-92F6-3650A59B9BC0}.Debug|Any CPU.ActiveCfg = Debug|Any CPU
		{D37FC700-A8C2-4E55-92F6-3650A59B9BC0}.Debug|Any CPU.Build.0 = Debug|Any CPU
		{D37FC700-A8C2-4E55-92F6-3650A59B9BC0}.Release|Any CPU.ActiveCfg = Release|Any CPU
		{D37FC700-A8C2-4E55-92F6-3650A59B9BC0}.Release|Any CPU.Build.0 = Release|Any CPU
		{EBCE4B67-2952-48E8-B149-4FDBF64CC232}.Debug|Any CPU.ActiveCfg = Debug|Any CPU
		{EBCE4B67-2952-48E8-B149-4FDBF64CC232}.Debug|Any CPU.Build.0 = Debug|Any CPU
		{EBCE4B67-2952-48E8-B149-4FDBF64CC232}.Release|Any CPU.ActiveCfg = Release|Any CPU
		{EBCE4B67-2952-48E8-B149-4FDBF64CC232}.Release|Any CPU.Build.0 = Release|Any CPU
		{2C8032D2-9804-4F04-B250-34AB4E76C453}.Debug|Any CPU.ActiveCfg = Debug|Any CPU
		{2C8032D2-9804-4F04-B250-34AB4E76C453}.Debug|Any CPU.Build.0 = Debug|Any CPU
		{2C8032D2-9804-4F04-B250-34AB4E76C453}.Release|Any CPU.ActiveCfg = Release|Any CPU
		{2C8032D2-9804-4F04-B250-34AB4E76C453}.Release|Any CPU.Build.0 = Release|Any CPU
		{435369E6-8E24-4C82-B7AC-D0FE2674061A}.Debug|Any CPU.ActiveCfg = Debug|Any CPU
		{435369E6-8E24-4C82-B7AC-D0FE2674061A}.Debug|Any CPU.Build.0 = Debug|Any CPU
		{435369E6-8E24-4C82-B7AC-D0FE2674061A}.Release|Any CPU.ActiveCfg = Release|Any CPU
		{435369E6-8E24-4C82-B7AC-D0FE2674061A}.Release|Any CPU.Build.0 = Release|Any CPU
		{58695ABB-32BB-4DB9-8E94-5B75A7201C0B}.Debug|Any CPU.ActiveCfg = Debug|Any CPU
		{58695ABB-32BB-4DB9-8E94-5B75A7201C0B}.Debug|Any CPU.Build.0 = Debug|Any CPU
		{58695ABB-32BB-4DB9-8E94-5B75A7201C0B}.Release|Any CPU.ActiveCfg = Release|Any CPU
		{58695ABB-32BB-4DB9-8E94-5B75A7201C0B}.Release|Any CPU.Build.0 = Release|Any CPU
		{CF59C68E-E5C7-47E6-8D0D-5CB7902062B8}.Debug|Any CPU.ActiveCfg = Debug|Any CPU
		{CF59C68E-E5C7-47E6-8D0D-5CB7902062B8}.Debug|Any CPU.Build.0 = Debug|Any CPU
		{CF59C68E-E5C7-47E6-8D0D-5CB7902062B8}.Release|Any CPU.ActiveCfg = Release|Any CPU
		{CF59C68E-E5C7-47E6-8D0D-5CB7902062B8}.Release|Any CPU.Build.0 = Release|Any CPU
		{185178D0-71A0-4AFD-850C-2C7B860549C3}.Debug|Any CPU.ActiveCfg = Debug|Any CPU
		{185178D0-71A0-4AFD-850C-2C7B860549C3}.Debug|Any CPU.Build.0 = Debug|Any CPU
		{185178D0-71A0-4AFD-850C-2C7B860549C3}.Release|Any CPU.ActiveCfg = Release|Any CPU
		{185178D0-71A0-4AFD-850C-2C7B860549C3}.Release|Any CPU.Build.0 = Release|Any CPU
		{B79F9836-DB6F-44A1-AEA9-0F98C1783A2E}.Debug|Any CPU.ActiveCfg = Debug|Any CPU
		{B79F9836-DB6F-44A1-AEA9-0F98C1783A2E}.Debug|Any CPU.Build.0 = Debug|Any CPU
		{B79F9836-DB6F-44A1-AEA9-0F98C1783A2E}.Release|Any CPU.ActiveCfg = Release|Any CPU
		{B79F9836-DB6F-44A1-AEA9-0F98C1783A2E}.Release|Any CPU.Build.0 = Release|Any CPU
		{E8A93D82-518E-476D-A558-CA921FC2FFBC}.Debug|Any CPU.ActiveCfg = Debug|Any CPU
		{E8A93D82-518E-476D-A558-CA921FC2FFBC}.Debug|Any CPU.Build.0 = Debug|Any CPU
		{E8A93D82-518E-476D-A558-CA921FC2FFBC}.Release|Any CPU.ActiveCfg = Release|Any CPU
		{E8A93D82-518E-476D-A558-CA921FC2FFBC}.Release|Any CPU.Build.0 = Release|Any CPU
		{6C36E4AD-53D2-4312-AEE1-8C345EAE95A9}.Debug|Any CPU.ActiveCfg = Debug|Any CPU
		{6C36E4AD-53D2-4312-AEE1-8C345EAE95A9}.Debug|Any CPU.Build.0 = Debug|Any CPU
		{6C36E4AD-53D2-4312-AEE1-8C345EAE95A9}.Release|Any CPU.ActiveCfg = Release|Any CPU
		{6C36E4AD-53D2-4312-AEE1-8C345EAE95A9}.Release|Any CPU.Build.0 = Release|Any CPU
		{BD0087B4-4477-4F33-ADB1-F2B989EBE033}.Debug|Any CPU.ActiveCfg = Debug|Any CPU
		{BD0087B4-4477-4F33-ADB1-F2B989EBE033}.Debug|Any CPU.Build.0 = Debug|Any CPU
		{BD0087B4-4477-4F33-ADB1-F2B989EBE033}.Release|Any CPU.ActiveCfg = Release|Any CPU
		{BD0087B4-4477-4F33-ADB1-F2B989EBE033}.Release|Any CPU.Build.0 = Release|Any CPU
		{F4EC120E-04CE-44DB-B871-C06E8C2DA329}.Debug|Any CPU.ActiveCfg = Debug|Any CPU
		{F4EC120E-04CE-44DB-B871-C06E8C2DA329}.Debug|Any CPU.Build.0 = Debug|Any CPU
		{F4EC120E-04CE-44DB-B871-C06E8C2DA329}.Release|Any CPU.ActiveCfg = Release|Any CPU
		{F4EC120E-04CE-44DB-B871-C06E8C2DA329}.Release|Any CPU.Build.0 = Release|Any CPU
		{432F880A-D6CC-403B-BE42-D2563EC55DA6}.Debug|Any CPU.ActiveCfg = Debug|Any CPU
		{432F880A-D6CC-403B-BE42-D2563EC55DA6}.Debug|Any CPU.Build.0 = Debug|Any CPU
		{432F880A-D6CC-403B-BE42-D2563EC55DA6}.Release|Any CPU.ActiveCfg = Release|Any CPU
		{432F880A-D6CC-403B-BE42-D2563EC55DA6}.Release|Any CPU.Build.0 = Release|Any CPU
		{2561165F-155F-40F9-B7F8-75C4F28E3AA1}.Debug|Any CPU.ActiveCfg = Debug|Any CPU
		{2561165F-155F-40F9-B7F8-75C4F28E3AA1}.Debug|Any CPU.Build.0 = Debug|Any CPU
		{2561165F-155F-40F9-B7F8-75C4F28E3AA1}.Release|Any CPU.ActiveCfg = Release|Any CPU
		{2561165F-155F-40F9-B7F8-75C4F28E3AA1}.Release|Any CPU.Build.0 = Release|Any CPU
	EndGlobalSection
EndGlobal
